// !$*UTF8*$!
{
	archiveVersion = 1;
	classes = {
	};
	objectVersion = 46;
	objects = {

/* Begin PBXAggregateTarget section */
		450038210D82FAD6001F82C7 /* All */ = {
			isa = PBXAggregateTarget;
			buildConfigurationList = 450038320D82FAEA001F82C7 /* Build configuration list for PBXAggregateTarget "All" */;
			buildPhases = (
			);
			dependencies = (
				450038260D82FADC001F82C7 /* PBXTargetDependency */,
				450038280D82FADC001F82C7 /* PBXTargetDependency */,
			);
			name = All;
			productName = All;
		};
/* End PBXAggregateTarget section */

/* Begin PBXBuildFile section */
		453111C40A64EE3D00A970C2 /* main.m in Sources */ = {isa = PBXBuildFile; fileRef = 453111B50A64EDDE00A970C2 /* main.m */; };
		453111CD0A64EE4700A970C2 /* Foundation.framework in Frameworks */ = {isa = PBXBuildFile; fileRef = 29B97325FDCFA39411CA2CEA /* Foundation.framework */; };
		4531137A0A64EE5400A970C2 /* Foundation.framework in Frameworks */ = {isa = PBXBuildFile; fileRef = 29B97325FDCFA39411CA2CEA /* Foundation.framework */; };
		45BB4623174D6C79000473E5 /* CJSONDeserializer.m in Sources */ = {isa = PBXBuildFile; fileRef = 45BB461B174D6C79000473E5 /* CJSONDeserializer.m */; };
		45BB4624174D6C79000473E5 /* CJSONDeserializer.m in Sources */ = {isa = PBXBuildFile; fileRef = 45BB461B174D6C79000473E5 /* CJSONDeserializer.m */; };
		45BB4627174D6C79000473E5 /* CJSONSerializer.m in Sources */ = {isa = PBXBuildFile; fileRef = 45BB461F174D6C79000473E5 /* CJSONSerializer.m */; };
		45BB4628174D6C79000473E5 /* CJSONSerializer.m in Sources */ = {isa = PBXBuildFile; fileRef = 45BB461F174D6C79000473E5 /* CJSONSerializer.m */; };
		45BB4629174D6C79000473E5 /* NSDictionary_JSONExtensions.m in Sources */ = {isa = PBXBuildFile; fileRef = 45BB4622174D6C79000473E5 /* NSDictionary_JSONExtensions.m */; };
		45BB462A174D6C79000473E5 /* NSDictionary_JSONExtensions.m in Sources */ = {isa = PBXBuildFile; fileRef = 45BB4622174D6C79000473E5 /* NSDictionary_JSONExtensions.m */; };
		45BB5FB31305E0DE00B196E4 /* Test Data in CopyFiles */ = {isa = PBXBuildFile; fileRef = 45BB5FB21305E0D500B196E4 /* Test Data */; };
		45DFEBDF0DB7080D009267D5 /* CJSONSerializer_UnitTests.m in Sources */ = {isa = PBXBuildFile; fileRef = 4505886F099952F600FB865F /* CJSONSerializer_UnitTests.m */; };
		DEDF6D770E4A4000005D2575 /* CJSONDeserializer_UnitTests.m in Sources */ = {isa = PBXBuildFile; fileRef = DEDF6D750E4A3F64005D2575 /* CJSONDeserializer_UnitTests.m */; };
/* End PBXBuildFile section */

/* Begin PBXContainerItemProxy section */
		450038250D82FADC001F82C7 /* PBXContainerItemProxy */ = {
			isa = PBXContainerItemProxy;
			containerPortal = 29B97313FDCFA39411CA2CEA /* Project object */;
			proxyType = 1;
			remoteGlobalIDString = 45B15E100947D97B00AE66EB;
			remoteInfo = UnitTests;
		};
		450038270D82FADC001F82C7 /* PBXContainerItemProxy */ = {
			isa = PBXContainerItemProxy;
			containerPortal = 29B97313FDCFA39411CA2CEA /* Project object */;
			proxyType = 1;
			remoteGlobalIDString = 453111B00A64EDBB00A970C2;
			remoteInfo = Demo;
		};
/* End PBXContainerItemProxy section */

/* Begin PBXCopyFilesBuildPhase section */
		454C11461305DE5A0082DD70 /* CopyFiles */ = {
			isa = PBXCopyFilesBuildPhase;
			buildActionMask = 2147483647;
			dstPath = "";
			dstSubfolderSpec = 16;
			files = (
				45BB5FB31305E0DE00B196E4 /* Test Data in CopyFiles */,
			);
			runOnlyForDeploymentPostprocessing = 0;
		};
/* End PBXCopyFilesBuildPhase section */

/* Begin PBXFileReference section */
		29B97325FDCFA39411CA2CEA /* Foundation.framework */ = {isa = PBXFileReference; lastKnownFileType = wrapper.framework; name = Foundation.framework; path = /System/Library/Frameworks/Foundation.framework; sourceTree = "<absolute>"; };
		4505886E099952F600FB865F /* CJSONSerializer_UnitTests.h */ = {isa = PBXFileReference; fileEncoding = 4; lastKnownFileType = sourcecode.c.h; path = CJSONSerializer_UnitTests.h; sourceTree = "<group>"; };
		4505886F099952F600FB865F /* CJSONSerializer_UnitTests.m */ = {isa = PBXFileReference; fileEncoding = 4; lastKnownFileType = sourcecode.c.objc; path = CJSONSerializer_UnitTests.m; sourceTree = "<group>"; };
		45058870099952F600FB865F /* Info.plist */ = {isa = PBXFileReference; fileEncoding = 4; lastKnownFileType = text.plist.xml; path = Info.plist; sourceTree = "<group>"; };
		453111B10A64EDBB00A970C2 /* TouchJSON Demo */ = {isa = PBXFileReference; explicitFileType = "compiled.mach-o.executable"; includeInIndex = 0; path = "TouchJSON Demo"; sourceTree = BUILT_PRODUCTS_DIR; };
		453111B50A64EDDE00A970C2 /* main.m */ = {isa = PBXFileReference; fileEncoding = 4; lastKnownFileType = sourcecode.c.objc; path = main.m; sourceTree = "<group>"; };
		45B15E110947D97B00AE66EB /* UnitTests.octest */ = {isa = PBXFileReference; explicitFileType = wrapper.cfbundle; includeInIndex = 0; path = UnitTests.octest; sourceTree = BUILT_PRODUCTS_DIR; };
		45BB461A174D6C79000473E5 /* CJSONDeserializer.h */ = {isa = PBXFileReference; fileEncoding = 4; lastKnownFileType = sourcecode.c.h; path = CJSONDeserializer.h; sourceTree = "<group>"; };
		45BB461B174D6C79000473E5 /* CJSONDeserializer.m */ = {isa = PBXFileReference; fileEncoding = 4; lastKnownFileType = sourcecode.c.objc; path = CJSONDeserializer.m; sourceTree = "<group>"; };
		45BB461E174D6C79000473E5 /* CJSONSerializer.h */ = {isa = PBXFileReference; fileEncoding = 4; lastKnownFileType = sourcecode.c.h; path = CJSONSerializer.h; sourceTree = "<group>"; };
		45BB461F174D6C79000473E5 /* CJSONSerializer.m */ = {isa = PBXFileReference; fileEncoding = 4; lastKnownFileType = sourcecode.c.objc; path = CJSONSerializer.m; sourceTree = "<group>"; };
		45BB4620174D6C79000473E5 /* JSONRepresentation.h */ = {isa = PBXFileReference; fileEncoding = 4; lastKnownFileType = sourcecode.c.h; path = JSONRepresentation.h; sourceTree = "<group>"; };
		45BB4621174D6C79000473E5 /* NSDictionary_JSONExtensions.h */ = {isa = PBXFileReference; fileEncoding = 4; lastKnownFileType = sourcecode.c.h; path = NSDictionary_JSONExtensions.h; sourceTree = "<group>"; };
		45BB4622174D6C79000473E5 /* NSDictionary_JSONExtensions.m */ = {isa = PBXFileReference; fileEncoding = 4; lastKnownFileType = sourcecode.c.objc; path = NSDictionary_JSONExtensions.m; sourceTree = "<group>"; };
		45BB5FB21305E0D500B196E4 /* Test Data */ = {isa = PBXFileReference; lastKnownFileType = folder; path = "Test Data"; sourceTree = "<group>"; };
		DEDF6D740E4A3F64005D2575 /* CJSONDeserializer_UnitTests.h */ = {isa = PBXFileReference; fileEncoding = 4; lastKnownFileType = sourcecode.c.h; path = CJSONDeserializer_UnitTests.h; sourceTree = "<group>"; };
		DEDF6D750E4A3F64005D2575 /* CJSONDeserializer_UnitTests.m */ = {isa = PBXFileReference; fileEncoding = 4; lastKnownFileType = sourcecode.c.objc; path = CJSONDeserializer_UnitTests.m; sourceTree = "<group>"; };
/* End PBXFileReference section */

/* Begin PBXFrameworksBuildPhase section */
		453111AF0A64EDBB00A970C2 /* Frameworks */ = {
			isa = PBXFrameworksBuildPhase;
			buildActionMask = 2147483647;
			files = (
				453111CD0A64EE4700A970C2 /* Foundation.framework in Frameworks */,
			);
			runOnlyForDeploymentPostprocessing = 0;
		};
		45B15E0E0947D97B00AE66EB /* Frameworks */ = {
			isa = PBXFrameworksBuildPhase;
			buildActionMask = 2147483647;
			files = (
				4531137A0A64EE5400A970C2 /* Foundation.framework in Frameworks */,
			);
			runOnlyForDeploymentPostprocessing = 0;
		};
/* End PBXFrameworksBuildPhase section */

/* Begin PBXGroup section */
		19C28FACFE9D520D11CA2CBB /* Products */ = {
			isa = PBXGroup;
			children = (
				45B15E110947D97B00AE66EB /* UnitTests.octest */,
				453111B10A64EDBB00A970C2 /* TouchJSON Demo */,
			);
			name = Products;
			sourceTree = "<group>";
		};
		29B97314FDCFA39411CA2CEA /* Sample */ = {
			isa = PBXGroup;
			children = (
				45BB4619174D6C79000473E5 /* Source */,
				453111AD0A64EDAA00A970C2 /* Demo */,
				4505886B099952F600FB865F /* UnitTests */,
				45BB5FB21305E0D500B196E4 /* Test Data */,
				29B97323FDCFA39411CA2CEA /* Frameworks */,
				19C28FACFE9D520D11CA2CBB /* Products */,
			);
			name = Sample;
			sourceTree = "<group>";
			usesTabs = 0;
		};
		29B97323FDCFA39411CA2CEA /* Frameworks */ = {
			isa = PBXGroup;
			children = (
				29B97325FDCFA39411CA2CEA /* Foundation.framework */,
			);
			name = Frameworks;
			sourceTree = "<group>";
		};
		4505886B099952F600FB865F /* UnitTests */ = {
			isa = PBXGroup;
			children = (
				4505886E099952F600FB865F /* CJSONSerializer_UnitTests.h */,
				4505886F099952F600FB865F /* CJSONSerializer_UnitTests.m */,
				45058870099952F600FB865F /* Info.plist */,
				DEDF6D740E4A3F64005D2575 /* CJSONDeserializer_UnitTests.h */,
				DEDF6D750E4A3F64005D2575 /* CJSONDeserializer_UnitTests.m */,
			);
			path = UnitTests;
			sourceTree = "<group>";
		};
		453111AD0A64EDAA00A970C2 /* Demo */ = {
			isa = PBXGroup;
			children = (
				453111B50A64EDDE00A970C2 /* main.m */,
			);
			path = Demo;
			sourceTree = "<group>";
		};
		45BB4619174D6C79000473E5 /* Source */ = {
			isa = PBXGroup;
			children = (
				45BB461A174D6C79000473E5 /* CJSONDeserializer.h */,
				45BB461B174D6C79000473E5 /* CJSONDeserializer.m */,
				45BB461E174D6C79000473E5 /* CJSONSerializer.h */,
				45BB461F174D6C79000473E5 /* CJSONSerializer.m */,
				45BB4620174D6C79000473E5 /* JSONRepresentation.h */,
				45BB4621174D6C79000473E5 /* NSDictionary_JSONExtensions.h */,
				45BB4622174D6C79000473E5 /* NSDictionary_JSONExtensions.m */,
			);
			name = Source;
			path = ../Source;
			sourceTree = "<group>";
		};
/* End PBXGroup section */

/* Begin PBXNativeTarget section */
		453111B00A64EDBB00A970C2 /* Demo */ = {
			isa = PBXNativeTarget;
			buildConfigurationList = 453111B70A64EDDE00A970C2 /* Build configuration list for PBXNativeTarget "Demo" */;
			buildPhases = (
				453111AE0A64EDBB00A970C2 /* Sources */,
				453111AF0A64EDBB00A970C2 /* Frameworks */,
				454C11461305DE5A0082DD70 /* CopyFiles */,
			);
			buildRules = (
			);
			dependencies = (
			);
			name = Demo;
			productName = Demo;
			productReference = 453111B10A64EDBB00A970C2 /* TouchJSON Demo */;
			productType = "com.apple.product-type.tool";
		};
		45B15E100947D97B00AE66EB /* UnitTests */ = {
			isa = PBXNativeTarget;
			buildConfigurationList = 45B15E130947D97C00AE66EB /* Build configuration list for PBXNativeTarget "UnitTests" */;
			buildPhases = (
				45B15E0C0947D97B00AE66EB /* Resources */,
				45B15E0D0947D97B00AE66EB /* Sources */,
				45B15E0E0947D97B00AE66EB /* Frameworks */,
			);
			buildRules = (
			);
			dependencies = (
			);
			name = UnitTests;
			productName = UnitTests;
			productReference = 45B15E110947D97B00AE66EB /* UnitTests.octest */;
			productType = "com.apple.product-type.bundle";
		};
/* End PBXNativeTarget section */

/* Begin PBXProject section */
		29B97313FDCFA39411CA2CEA /* Project object */ = {
			isa = PBXProject;
			attributes = {
				LastUpgradeCheck = 0500;
			};
			buildConfigurationList = 45FC538608FBF91C0091ABDF /* Build configuration list for PBXProject "TouchJSON" */;
			compatibilityVersion = "Xcode 3.2";
			developmentRegion = English;
			hasScannedForEncodings = 1;
			knownRegions = (
				English,
				Japanese,
				French,
				German,
			);
			mainGroup = 29B97314FDCFA39411CA2CEA /* Sample */;
			projectDirPath = "";
			projectRoot = "";
			targets = (
				450038210D82FAD6001F82C7 /* All */,
				45B15E100947D97B00AE66EB /* UnitTests */,
				453111B00A64EDBB00A970C2 /* Demo */,
			);
		};
/* End PBXProject section */

/* Begin PBXResourcesBuildPhase section */
		45B15E0C0947D97B00AE66EB /* Resources */ = {
			isa = PBXResourcesBuildPhase;
			buildActionMask = 2147483647;
			files = (
			);
			runOnlyForDeploymentPostprocessing = 0;
		};
/* End PBXResourcesBuildPhase section */

/* Begin PBXSourcesBuildPhase section */
		453111AE0A64EDBB00A970C2 /* Sources */ = {
			isa = PBXSourcesBuildPhase;
			buildActionMask = 2147483647;
			files = (
				453111C40A64EE3D00A970C2 /* main.m in Sources */,
				45BB4624174D6C79000473E5 /* CJSONDeserializer.m in Sources */,
				45BB4628174D6C79000473E5 /* CJSONSerializer.m in Sources */,
				45BB462A174D6C79000473E5 /* NSDictionary_JSONExtensions.m in Sources */,
			);
			runOnlyForDeploymentPostprocessing = 0;
		};
		45B15E0D0947D97B00AE66EB /* Sources */ = {
			isa = PBXSourcesBuildPhase;
			buildActionMask = 2147483647;
			files = (
				45DFEBDF0DB7080D009267D5 /* CJSONSerializer_UnitTests.m in Sources */,
				DEDF6D770E4A4000005D2575 /* CJSONDeserializer_UnitTests.m in Sources */,
				45BB4623174D6C79000473E5 /* CJSONDeserializer.m in Sources */,
				45BB4627174D6C79000473E5 /* CJSONSerializer.m in Sources */,
				45BB4629174D6C79000473E5 /* NSDictionary_JSONExtensions.m in Sources */,
			);
			runOnlyForDeploymentPostprocessing = 0;
		};
/* End PBXSourcesBuildPhase section */

/* Begin PBXTargetDependency section */
		450038260D82FADC001F82C7 /* PBXTargetDependency */ = {
			isa = PBXTargetDependency;
			target = 45B15E100947D97B00AE66EB /* UnitTests */;
			targetProxy = 450038250D82FADC001F82C7 /* PBXContainerItemProxy */;
		};
		450038280D82FADC001F82C7 /* PBXTargetDependency */ = {
			isa = PBXTargetDependency;
			target = 453111B00A64EDBB00A970C2 /* Demo */;
			targetProxy = 450038270D82FADC001F82C7 /* PBXContainerItemProxy */;
		};
/* End PBXTargetDependency section */

/* Begin XCBuildConfiguration section */
		450038220D82FAD6001F82C7 /* Debug */ = {
			isa = XCBuildConfiguration;
			buildSettings = {
				COMBINE_HIDPI_IMAGES = YES;
				COPY_PHASE_STRIP = NO;
				GCC_DYNAMIC_NO_PIC = NO;
				GCC_OPTIMIZATION_LEVEL = 0;
				PRODUCT_NAME = All;
			};
			name = Debug;
		};
		450038230D82FAD6001F82C7 /* Release */ = {
			isa = XCBuildConfiguration;
			buildSettings = {
				COMBINE_HIDPI_IMAGES = YES;
				COPY_PHASE_STRIP = YES;
				DEBUG_INFORMATION_FORMAT = "dwarf-with-dsym";
				PRODUCT_NAME = All;
				ZERO_LINK = NO;
			};
			name = Release;
		};
		453111B80A64EDDE00A970C2 /* Debug */ = {
			isa = XCBuildConfiguration;
			buildSettings = {
				COPY_PHASE_STRIP = NO;
				GCC_DYNAMIC_NO_PIC = NO;
				GCC_GENERATE_DEBUGGING_SYMBOLS = YES;
				GCC_OPTIMIZATION_LEVEL = 0;
				GCC_PRECOMPILE_PREFIX_HEADER = YES;
				GCC_PREFIX_HEADER = "$(SYSTEM_LIBRARY_DIR)/Frameworks/AppKit.framework/Headers/AppKit.h";
				GCC_VERSION = com.apple.compilers.llvm.clang.1_0;
				INSTALL_PATH = "$(HOME)/bin";
				OTHER_LDFLAGS = (
					"-framework",
					Foundation,
					"-framework",
					AppKit,
				);
				PRODUCT_NAME = "TouchJSON Demo";
			};
			name = Debug;
		};
		453111B90A64EDDE00A970C2 /* Release */ = {
			isa = XCBuildConfiguration;
			buildSettings = {
				COPY_PHASE_STRIP = YES;
				GCC_DYNAMIC_NO_PIC = YES;
				GCC_GENERATE_DEBUGGING_SYMBOLS = NO;
				GCC_OPTIMIZATION_LEVEL = s;
				GCC_PRECOMPILE_PREFIX_HEADER = YES;
				GCC_PREFIX_HEADER = "$(SYSTEM_LIBRARY_DIR)/Frameworks/AppKit.framework/Headers/AppKit.h";
				GCC_VERSION = com.apple.compilers.llvm.clang.1_0;
				INSTALL_PATH = "$(HOME)/bin";
				OTHER_LDFLAGS = (
					"-framework",
					Foundation,
					"-framework",
					AppKit,
				);
				PRODUCT_NAME = "TouchJSON Demo";
			};
			name = Release;
		};
		45B15E140947D97C00AE66EB /* Debug */ = {
			isa = XCBuildConfiguration;
			buildSettings = {
				COMBINE_HIDPI_IMAGES = YES;
				COPY_PHASE_STRIP = NO;
				FRAMEWORK_SEARCH_PATHS = (
					"$(value)",
					"$(DEVELOPER_FRAMEWORKS_DIR_QUOTED)",
				);
				GCC_C_LANGUAGE_STANDARD = gnu99;
				GCC_DYNAMIC_NO_PIC = NO;
				GCC_ENABLE_OBJC_EXCEPTIONS = YES;
				GCC_GENERATE_DEBUGGING_SYMBOLS = YES;
				GCC_GENERATE_TEST_COVERAGE_FILES = YES;
				GCC_INSTRUMENT_PROGRAM_FLOW_ARCS = YES;
				GCC_MODEL_TUNING = G5;
				GCC_OPTIMIZATION_LEVEL = 0;
				GCC_PRECOMPILE_PREFIX_HEADER = YES;
				GCC_PREFIX_HEADER = "$(SYSTEM_LIBRARY_DIR)/Frameworks/Cocoa.framework/Headers/Cocoa.h";
				INFOPLIST_FILE = UnitTests/Info.plist;
				INSTALL_PATH = "$(USER_LIBRARY_DIR)/Bundles";
				OTHER_LDFLAGS = (
					"-framework",
					Cocoa,
					"-framework",
					SenTestingKit,
				);
				PRODUCT_NAME = UnitTests;
				WRAPPER_EXTENSION = octest;
				ZERO_LINK = NO;
			};
			name = Debug;
		};
		45B15E150947D97C00AE66EB /* Release */ = {
			isa = XCBuildConfiguration;
			buildSettings = {
				COMBINE_HIDPI_IMAGES = YES;
				COPY_PHASE_STRIP = YES;
				FRAMEWORK_SEARCH_PATHS = (
					"$(value)",
					"$(DEVELOPER_FRAMEWORKS_DIR_QUOTED)",
				);
				GCC_ENABLE_OBJC_EXCEPTIONS = YES;
				GCC_GENERATE_DEBUGGING_SYMBOLS = NO;
				GCC_GENERATE_TEST_COVERAGE_FILES = YES;
				GCC_INSTRUMENT_PROGRAM_FLOW_ARCS = YES;
				GCC_MODEL_TUNING = G5;
				GCC_PRECOMPILE_PREFIX_HEADER = YES;
				GCC_PREFIX_HEADER = "$(SYSTEM_LIBRARY_DIR)/Frameworks/Cocoa.framework/Headers/Cocoa.h";
				INFOPLIST_FILE = UnitTests/Info.plist;
				INSTALL_PATH = "$(USER_LIBRARY_DIR)/Bundles";
				OTHER_LDFLAGS = (
					"-framework",
					Cocoa,
					"-framework",
					SenTestingKit,
				);
				PRODUCT_NAME = UnitTests;
				WRAPPER_EXTENSION = octest;
				ZERO_LINK = NO;
			};
			name = Release;
		};
		45FC538708FBF91C0091ABDF /* Debug */ = {
			isa = XCBuildConfiguration;
			buildSettings = {
				ARCHS = "$(NATIVE_ARCH_ACTUAL)";
				CLANG_ANALYZER_SECURITY_FLOATLOOPCOUNTER = YES;
				CLANG_ANALYZER_SECURITY_INSECUREAPI_RAND = YES;
				CLANG_ANALYZER_SECURITY_INSECUREAPI_STRCPY = YES;
				CLANG_ENABLE_OBJC_ARC = YES;
				CLANG_STATIC_ANALYZER_MODE = deep;
				CLANG_WARN_DEPRECATED_OBJC_IMPLEMENTATIONS = YES;
				CLANG_WARN_EMPTY_BODY = YES;
				CLANG_WARN_ENUM_CONVERSION = YES;
				CLANG_WARN_INT_CONVERSION = YES;
				CLANG_WARN_OBJC_RECEIVER_WEAK = YES;
				CLANG_WARN__DUPLICATE_METHOD_MATCH = YES;
				GCC_C_LANGUAGE_STANDARD = c99;
				GCC_TREAT_WARNINGS_AS_ERRORS = YES;
				GCC_WARN_64_TO_32_BIT_CONVERSION = YES;
				GCC_WARN_ABOUT_MISSING_FIELD_INITIALIZERS = YES;
				GCC_WARN_ABOUT_MISSING_NEWLINE = YES;
				GCC_WARN_ABOUT_MISSING_PROTOTYPES = YES;
				GCC_WARN_ABOUT_RETURN_TYPE = YES;
				GCC_WARN_CHECK_SWITCH_STATEMENTS = YES;
				GCC_WARN_FOUR_CHARACTER_CONSTANTS = YES;
				GCC_WARN_INITIALIZER_NOT_FULLY_BRACKETED = YES;
				GCC_WARN_MISSING_PARENTHESES = YES;
				GCC_WARN_SHADOW = YES;
				GCC_WARN_SIGN_COMPARE = YES;
				GCC_WARN_STRICT_SELECTOR_MATCH = YES;
				GCC_WARN_TYPECHECK_CALLS_TO_PRINTF = YES;
				GCC_WARN_UNDECLARED_SELECTOR = YES;
				GCC_WARN_UNINITIALIZED_AUTOS = YES;
				GCC_WARN_UNUSED_FUNCTION = YES;
				GCC_WARN_UNUSED_LABEL = YES;
				GCC_WARN_UNUSED_PARAMETER = YES;
				GCC_WARN_UNUSED_VALUE = YES;
				GCC_WARN_UNUSED_VARIABLE = YES;
				ONLY_ACTIVE_ARCH = YES;
				RUN_CLANG_STATIC_ANALYZER = YES;
				SDKROOT = macosx;
			};
			name = Debug;
		};
		45FC538808FBF91C0091ABDF /* Release */ = {
			isa = XCBuildConfiguration;
			buildSettings = {
				ARCHS = "$(NATIVE_ARCH_ACTUAL)";
				CLANG_ANALYZER_SECURITY_FLOATLOOPCOUNTER = YES;
				CLANG_ANALYZER_SECURITY_INSECUREAPI_RAND = YES;
				CLANG_ANALYZER_SECURITY_INSECUREAPI_STRCPY = YES;
				CLANG_ENABLE_OBJC_ARC = YES;
				CLANG_STATIC_ANALYZER_MODE = deep;
				CLANG_WARN_DEPRECATED_OBJC_IMPLEMENTATIONS = YES;
				CLANG_WARN_EMPTY_BODY = YES;
				CLANG_WARN_ENUM_CONVERSION = YES;
				CLANG_WARN_INT_CONVERSION = YES;
				CLANG_WARN_OBJC_RECEIVER_WEAK = YES;
				CLANG_WARN__DUPLICATE_METHOD_MATCH = YES;
				GCC_C_LANGUAGE_STANDARD = c99;
				GCC_TREAT_WARNINGS_AS_ERRORS = YES;
				GCC_WARN_64_TO_32_BIT_CONVERSION = YES;
				GCC_WARN_ABOUT_MISSING_FIELD_INITIALIZERS = YES;
				GCC_WARN_ABOUT_MISSING_NEWLINE = YES;
				GCC_WARN_ABOUT_MISSING_PROTOTYPES = YES;
				GCC_WARN_ABOUT_RETURN_TYPE = YES;
				GCC_WARN_CHECK_SWITCH_STATEMENTS = YES;
				GCC_WARN_FOUR_CHARACTER_CONSTANTS = YES;
				GCC_WARN_INITIALIZER_NOT_FULLY_BRACKETED = YES;
				GCC_WARN_MISSING_PARENTHESES = YES;
				GCC_WARN_SHADOW = YES;
				GCC_WARN_SIGN_COMPARE = YES;
				GCC_WARN_STRICT_SELECTOR_MATCH = YES;
				GCC_WARN_TYPECHECK_CALLS_TO_PRINTF = YES;
				GCC_WARN_UNDECLARED_SELECTOR = YES;
				GCC_WARN_UNINITIALIZED_AUTOS = YES;
				GCC_WARN_UNUSED_FUNCTION = YES;
				GCC_WARN_UNUSED_LABEL = YES;
				GCC_WARN_UNUSED_PARAMETER = YES;
				GCC_WARN_UNUSED_VALUE = YES;
				GCC_WARN_UNUSED_VARIABLE = YES;
				ONLY_ACTIVE_ARCH = YES;
				RUN_CLANG_STATIC_ANALYZER = YES;
				SDKROOT = macosx;
			};
			name = Release;
		};
/* End XCBuildConfiguration section */

/* Begin XCConfigurationList section */
		450038320D82FAEA001F82C7 /* Build configuration list for PBXAggregateTarget "All" */ = {
			isa = XCConfigurationList;
			buildConfigurations = (
				450038220D82FAD6001F82C7 /* Debug */,
				450038230D82FAD6001F82C7 /* Release */,
			);
			defaultConfigurationIsVisible = 0;
			defaultConfigurationName = Debug;
		};
		453111B70A64EDDE00A970C2 /* Build configuration list for PBXNativeTarget "Demo" */ = {
			isa = XCConfigurationList;
			buildConfigurations = (
				453111B80A64EDDE00A970C2 /* Debug */,
				453111B90A64EDDE00A970C2 /* Release */,
			);
			defaultConfigurationIsVisible = 0;
			defaultConfigurationName = Debug;
		};
		45B15E130947D97C00AE66EB /* Build configuration list for PBXNativeTarget "UnitTests" */ = {
			isa = XCConfigurationList;
			buildConfigurations = (
				45B15E140947D97C00AE66EB /* Debug */,
				45B15E150947D97C00AE66EB /* Release */,
			);
			defaultConfigurationIsVisible = 0;
			defaultConfigurationName = Debug;
		};
		45FC538608FBF91C0091ABDF /* Build configuration list for PBXProject "TouchJSON" */ = {
			isa = XCConfigurationList;
			buildConfigurations = (
				45FC538708FBF91C0091ABDF /* Debug */,
				45FC538808FBF91C0091ABDF /* Release */,
			);
			defaultConfigurationIsVisible = 0;
			defaultConfigurationName = Debug;
		};
/* End XCConfigurationList section */
	};
	rootObject = 29B97313FDCFA39411CA2CEA /* Project object */;
}
