// !$*UTF8*$!
{
	archiveVersion = 1;
	classes = {
	};
	objectVersion = 46;
	objects = {

/* Begin PBXBuildFile section */
		4F320C6214360B46004783DB /* ATSystemDebugView.m in Sources */ = {isa = PBXBuildFile; fileRef = 4F320C6114360B46004783DB /* ATSystemDebugView.m */; };
		4F80D48414354ADF00D9332C /* ATSystemState.m in Sources */ = {isa = PBXBuildFile; fileRef = 4F80D48314354ADF00D9332C /* ATSystemState.m */; };
		4F80D488143561AC00D9332C /* ATSystemParams.m in Sources */ = {isa = PBXBuildFile; fileRef = 4F80D487143561AC00D9332C /* ATSystemParams.m */; };
		4FA4D6C114302355003958B3 /* UIKit.framework in Frameworks */ = {isa = PBXBuildFile; fileRef = 4FA4D6C014302355003958B3 /* UIKit.framework */; };
		4FA4D6C314302355003958B3 /* Foundation.framework in Frameworks */ = {isa = PBXBuildFile; fileRef = 4FA4D6C214302355003958B3 /* Foundation.framework */; };
		4FA4D6C514302355003958B3 /* CoreGraphics.framework in Frameworks */ = {isa = PBXBuildFile; fileRef = 4FA4D6C414302355003958B3 /* CoreGraphics.framework */; };
		4FA4D6CD14302355003958B3 /* main.m in Sources */ = {isa = PBXBuildFile; fileRef = 4FA4D6CC14302355003958B3 /* main.m */; };
		4FA4D6D114302355003958B3 /* SystemRigAppDelegate.m in Sources */ = {isa = PBXBuildFile; fileRef = 4FA4D6D014302355003958B3 /* SystemRigAppDelegate.m */; };
		4FA4D6D714302355003958B3 /* SystemRigViewController.m in Sources */ = {isa = PBXBuildFile; fileRef = 4FA4D6D614302355003958B3 /* SystemRigViewController.m */; };
		4FA4D71B14302969003958B3 /* ATEdge.m in Sources */ = {isa = PBXBuildFile; fileRef = 4FA4D70014302969003958B3 /* ATEdge.m */; };
		4FA4D71C14302969003958B3 /* ATNode.m in Sources */ = {isa = PBXBuildFile; fileRef = 4FA4D70214302969003958B3 /* ATNode.m */; };
		4FA4D71D14302969003958B3 /* ATBarnesHutBranch.m in Sources */ = {isa = PBXBuildFile; fileRef = 4FA4D70514302969003958B3 /* ATBarnesHutBranch.m */; };
		4FA4D71E14302969003958B3 /* ATBarnesHutTree.m in Sources */ = {isa = PBXBuildFile; fileRef = 4FA4D70714302969003958B3 /* ATBarnesHutTree.m */; };
		4FA4D71F14302969003958B3 /* ATKernel.m in Sources */ = {isa = PBXBuildFile; fileRef = 4FA4D70A14302969003958B3 /* ATKernel.m */; };
		4FA4D72014302969003958B3 /* ATParticle.m in Sources */ = {isa = PBXBuildFile; fileRef = 4FA4D70D14302969003958B3 /* ATParticle.m */; };
		4FA4D72114302969003958B3 /* ATPhysics.m in Sources */ = {isa = PBXBuildFile; fileRef = 4FA4D70F14302969003958B3 /* ATPhysics.m */; };
		4FA4D72214302969003958B3 /* ATSpring.m in Sources */ = {isa = PBXBuildFile; fileRef = 4FA4D71114302969003958B3 /* ATSpring.m */; };
		4FA4D72414302969003958B3 /* ATSystem.m in Sources */ = {isa = PBXBuildFile; fileRef = 4FA4D71814302969003958B3 /* ATSystem.m */; };
		4FA4D72514302969003958B3 /* ATEnergy.m in Sources */ = {isa = PBXBuildFile; fileRef = 4FA4D71A14302969003958B3 /* ATEnergy.m */; };
		4FD1F4371B873F1900DDB0D2 /* Icon-72.png in Resources */ = {isa = PBXBuildFile; fileRef = 4FD1F4331B873F1900DDB0D2 /* Icon-72.png */; };
		4FD1F4411B8744D600DDB0D2 /* MainWindow.xib in Resources */ = {isa = PBXBuildFile; fileRef = 4FD1F43F1B8744D600DDB0D2 /* MainWindow.xib */; };
		4FD1F4421B8744D600DDB0D2 /* SystemRigViewController.xib in Resources */ = {isa = PBXBuildFile; fileRef = 4FD1F4401B8744D600DDB0D2 /* SystemRigViewController.xib */; };
/* End PBXBuildFile section */

/* Begin PBXFileReference section */
		4F1B5888143C746700FEAFF6 /* PSArborTouch.h */ = {isa = PBXFileReference; fileEncoding = 4; lastKnownFileType = sourcecode.c.h; path = PSArborTouch.h; sourceTree = "<group>"; };
		4F21152A143197B600B2F51F /* ATSystemRenderer.h */ = {isa = PBXFileReference; fileEncoding = 4; lastKnownFileType = sourcecode.c.h; path = ATSystemRenderer.h; sourceTree = "<group>"; };
		4F320C6014360B46004783DB /* ATSystemDebugView.h */ = {isa = PBXFileReference; fileEncoding = 4; lastKnownFileType = sourcecode.c.h; path = ATSystemDebugView.h; sourceTree = "<group>"; };
		4F320C6114360B46004783DB /* ATSystemDebugView.m */ = {isa = PBXFileReference; fileEncoding = 4; lastKnownFileType = sourcecode.c.objc; path = ATSystemDebugView.m; sourceTree = "<group>"; };
		4F80D48214354ADF00D9332C /* ATSystemState.h */ = {isa = PBXFileReference; fileEncoding = 4; lastKnownFileType = sourcecode.c.h; path = ATSystemState.h; sourceTree = "<group>"; };
		4F80D48314354ADF00D9332C /* ATSystemState.m */ = {isa = PBXFileReference; fileEncoding = 4; lastKnownFileType = sourcecode.c.objc; path = ATSystemState.m; sourceTree = "<group>"; };
		4F80D486143561AC00D9332C /* ATSystemParams.h */ = {isa = PBXFileReference; fileEncoding = 4; lastKnownFileType = sourcecode.c.h; path = ATSystemParams.h; sourceTree = "<group>"; };
		4F80D487143561AC00D9332C /* ATSystemParams.m */ = {isa = PBXFileReference; fileEncoding = 4; lastKnownFileType = sourcecode.c.objc; path = ATSystemParams.m; sourceTree = "<group>"; };
		4FA4D6BC14302355003958B3 /* SystemRig.app */ = {isa = PBXFileReference; explicitFileType = wrapper.application; includeInIndex = 0; path = SystemRig.app; sourceTree = BUILT_PRODUCTS_DIR; };
		4FA4D6C014302355003958B3 /* UIKit.framework */ = {isa = PBXFileReference; lastKnownFileType = wrapper.framework; name = UIKit.framework; path = System/Library/Frameworks/UIKit.framework; sourceTree = SDKROOT; };
		4FA4D6C214302355003958B3 /* Foundation.framework */ = {isa = PBXFileReference; lastKnownFileType = wrapper.framework; name = Foundation.framework; path = System/Library/Frameworks/Foundation.framework; sourceTree = SDKROOT; };
		4FA4D6C414302355003958B3 /* CoreGraphics.framework */ = {isa = PBXFileReference; lastKnownFileType = wrapper.framework; name = CoreGraphics.framework; path = System/Library/Frameworks/CoreGraphics.framework; sourceTree = SDKROOT; };
		4FA4D6C814302355003958B3 /* SystemRig-Info.plist */ = {isa = PBXFileReference; lastKnownFileType = text.plist.xml; path = "SystemRig-Info.plist"; sourceTree = "<group>"; };
		4FA4D6CC14302355003958B3 /* main.m */ = {isa = PBXFileReference; lastKnownFileType = sourcecode.c.objc; path = main.m; sourceTree = "<group>"; };
		4FA4D6CF14302355003958B3 /* SystemRigAppDelegate.h */ = {isa = PBXFileReference; lastKnownFileType = sourcecode.c.h; path = SystemRigAppDelegate.h; sourceTree = "<group>"; };
		4FA4D6D014302355003958B3 /* SystemRigAppDelegate.m */ = {isa = PBXFileReference; lastKnownFileType = sourcecode.c.objc; path = SystemRigAppDelegate.m; sourceTree = "<group>"; };
		4FA4D6D514302355003958B3 /* SystemRigViewController.h */ = {isa = PBXFileReference; lastKnownFileType = sourcecode.c.h; path = SystemRigViewController.h; sourceTree = "<group>"; };
		4FA4D6D614302355003958B3 /* SystemRigViewController.m */ = {isa = PBXFileReference; lastKnownFileType = sourcecode.c.objc; path = SystemRigViewController.m; sourceTree = "<group>"; };
		4FA4D6FF14302969003958B3 /* ATEdge.h */ = {isa = PBXFileReference; fileEncoding = 4; lastKnownFileType = sourcecode.c.h; path = ATEdge.h; sourceTree = "<group>"; };
		4FA4D70014302969003958B3 /* ATEdge.m */ = {isa = PBXFileReference; fileEncoding = 4; lastKnownFileType = sourcecode.c.objc; path = ATEdge.m; sourceTree = "<group>"; };
		4FA4D70114302969003958B3 /* ATNode.h */ = {isa = PBXFileReference; fileEncoding = 4; lastKnownFileType = sourcecode.c.h; path = ATNode.h; sourceTree = "<group>"; };
		4FA4D70214302969003958B3 /* ATNode.m */ = {isa = PBXFileReference; fileEncoding = 4; lastKnownFileType = sourcecode.c.objc; path = ATNode.m; sourceTree = "<group>"; };
		4FA4D70414302969003958B3 /* ATBarnesHutBranch.h */ = {isa = PBXFileReference; fileEncoding = 4; lastKnownFileType = sourcecode.c.h; path = ATBarnesHutBranch.h; sourceTree = "<group>"; };
		4FA4D70514302969003958B3 /* ATBarnesHutBranch.m */ = {isa = PBXFileReference; fileEncoding = 4; lastKnownFileType = sourcecode.c.objc; path = ATBarnesHutBranch.m; sourceTree = "<group>"; };
		4FA4D70614302969003958B3 /* ATBarnesHutTree.h */ = {isa = PBXFileReference; fileEncoding = 4; lastKnownFileType = sourcecode.c.h; path = ATBarnesHutTree.h; sourceTree = "<group>"; };
		4FA4D70714302969003958B3 /* ATBarnesHutTree.m */ = {isa = PBXFileReference; fileEncoding = 4; lastKnownFileType = sourcecode.c.objc; path = ATBarnesHutTree.m; sourceTree = "<group>"; };
		4FA4D70914302969003958B3 /* ATKernel.h */ = {isa = PBXFileReference; fileEncoding = 4; lastKnownFileType = sourcecode.c.h; path = ATKernel.h; sourceTree = "<group>"; };
		4FA4D70A14302969003958B3 /* ATKernel.m */ = {isa = PBXFileReference; fileEncoding = 4; lastKnownFileType = sourcecode.c.objc; path = ATKernel.m; sourceTree = "<group>"; };
		4FA4D70C14302969003958B3 /* ATParticle.h */ = {isa = PBXFileReference; fileEncoding = 4; lastKnownFileType = sourcecode.c.h; path = ATParticle.h; sourceTree = "<group>"; };
		4FA4D70D14302969003958B3 /* ATParticle.m */ = {isa = PBXFileReference; fileEncoding = 4; lastKnownFileType = sourcecode.c.objc; path = ATParticle.m; sourceTree = "<group>"; };
		4FA4D70E14302969003958B3 /* ATPhysics.h */ = {isa = PBXFileReference; fileEncoding = 4; lastKnownFileType = sourcecode.c.h; path = ATPhysics.h; sourceTree = "<group>"; };
		4FA4D70F14302969003958B3 /* ATPhysics.m */ = {isa = PBXFileReference; fileEncoding = 4; lastKnownFileType = sourcecode.c.objc; path = ATPhysics.m; sourceTree = "<group>"; };
		4FA4D71014302969003958B3 /* ATSpring.h */ = {isa = PBXFileReference; fileEncoding = 4; lastKnownFileType = sourcecode.c.h; path = ATSpring.h; sourceTree = "<group>"; };
		4FA4D71114302969003958B3 /* ATSpring.m */ = {isa = PBXFileReference; fileEncoding = 4; lastKnownFileType = sourcecode.c.objc; path = ATSpring.m; sourceTree = "<group>"; };
		4FA4D71314302969003958B3 /* ATGeometry.h */ = {isa = PBXFileReference; fileEncoding = 4; lastKnownFileType = sourcecode.c.h; path = ATGeometry.h; sourceTree = "<group>"; };
		4FA4D71714302969003958B3 /* ATSystem.h */ = {isa = PBXFileReference; fileEncoding = 4; lastKnownFileType = sourcecode.c.h; path = ATSystem.h; sourceTree = "<group>"; };
		4FA4D71814302969003958B3 /* ATSystem.m */ = {isa = PBXFileReference; fileEncoding = 4; lastKnownFileType = sourcecode.c.objc; path = ATSystem.m; sourceTree = "<group>"; };
		4FA4D71914302969003958B3 /* ATEnergy.h */ = {isa = PBXFileReference; fileEncoding = 4; lastKnownFileType = sourcecode.c.h; path = ATEnergy.h; sourceTree = "<group>"; };
		4FA4D71A14302969003958B3 /* ATEnergy.m */ = {isa = PBXFileReference; fileEncoding = 4; lastKnownFileType = sourcecode.c.objc; path = ATEnergy.m; sourceTree = "<group>"; };
		4FD1F4331B873F1900DDB0D2 /* Icon-72.png */ = {isa = PBXFileReference; lastKnownFileType = image.png; path = "Icon-72.png"; sourceTree = "<group>"; };
		4FD1F4361B873F1900DDB0D2 /* SharedTarget.pch */ = {isa = PBXFileReference; fileEncoding = 4; lastKnownFileType = sourcecode.c.h; path = SharedTarget.pch; sourceTree = "<group>"; };
		4FD1F43F1B8744D600DDB0D2 /* MainWindow.xib */ = {isa = PBXFileReference; fileEncoding = 4; lastKnownFileType = file.xib; path = MainWindow.xib; sourceTree = "<group>"; };
		4FD1F4401B8744D600DDB0D2 /* SystemRigViewController.xib */ = {isa = PBXFileReference; fileEncoding = 4; lastKnownFileType = file.xib; path = SystemRigViewController.xib; sourceTree = "<group>"; };
/* End PBXFileReference section */

/* Begin PBXFrameworksBuildPhase section */
		4FA4D6B914302355003958B3 /* Frameworks */ = {
			isa = PBXFrameworksBuildPhase;
			buildActionMask = 2147483647;
			files = (
				4FA4D6C114302355003958B3 /* UIKit.framework in Frameworks */,
				4FA4D6C314302355003958B3 /* Foundation.framework in Frameworks */,
				4FA4D6C514302355003958B3 /* CoreGraphics.framework in Frameworks */,
			);
			runOnlyForDeploymentPostprocessing = 0;
		};
/* End PBXFrameworksBuildPhase section */

/* Begin PBXGroup section */
		4FA4D6B114302355003958B3 = {
			isa = PBXGroup;
			children = (
				4FA4D6FD14302968003958B3 /* PSArborTouch */,
				4FA4D6C614302355003958B3 /* SystemRig */,
				4FD1F42D1B873F1900DDB0D2 /* Shared */,
				4FA4D6BF14302355003958B3 /* Frameworks */,
				4FA4D6BD14302355003958B3 /* Products */,
			);
			sourceTree = "<group>";
		};
		4FA4D6BD14302355003958B3 /* Products */ = {
			isa = PBXGroup;
			children = (
				4FA4D6BC14302355003958B3 /* SystemRig.app */,
			);
			name = Products;
			sourceTree = "<group>";
		};
		4FA4D6BF14302355003958B3 /* Frameworks */ = {
			isa = PBXGroup;
			children = (
				4FA4D6C014302355003958B3 /* UIKit.framework */,
				4FA4D6C214302355003958B3 /* Foundation.framework */,
				4FA4D6C414302355003958B3 /* CoreGraphics.framework */,
			);
			name = Frameworks;
			sourceTree = "<group>";
		};
		4FA4D6C614302355003958B3 /* SystemRig */ = {
			isa = PBXGroup;
			children = (
				4FD1F4381B8743CE00DDB0D2 /* Classes */,
				4FD1F4391B8743D800DDB0D2 /* Interface */,
				4FD1F43A1B8743E400DDB0D2 /* Target */,
			);
			path = SystemRig;
			sourceTree = "<group>";
		};
		4FA4D6E41430236D003958B3 /* Controller */ = {
			isa = PBXGroup;
			children = (
				4FA4D6E71430239B003958B3 /* AppDelegate */,
				4FA4D6D514302355003958B3 /* SystemRigViewController.h */,
				4FA4D6D614302355003958B3 /* SystemRigViewController.m */,
			);
			path = Controller;
			sourceTree = "<group>";
		};
		4FA4D6E514302376003958B3 /* View */ = {
			isa = PBXGroup;
			children = (
				4F320C6014360B46004783DB /* ATSystemDebugView.h */,
				4F320C6114360B46004783DB /* ATSystemDebugView.m */,
			);
			path = View;
			sourceTree = "<group>";
		};
		4FA4D6E61430237A003958B3 /* Model */ = {
			isa = PBXGroup;
			children = (
			);
			path = Model;
			sourceTree = "<group>";
		};
		4FA4D6E71430239B003958B3 /* AppDelegate */ = {
			isa = PBXGroup;
			children = (
				4FA4D6CF14302355003958B3 /* SystemRigAppDelegate.h */,
				4FA4D6D014302355003958B3 /* SystemRigAppDelegate.m */,
			);
			path = AppDelegate;
			sourceTree = "<group>";
		};
		4FA4D6FD14302968003958B3 /* PSArborTouch */ = {
			isa = PBXGroup;
			children = (
				4F1B5888143C746700FEAFF6 /* PSArborTouch.h */,
				4FA4D6FE14302969003958B3 /* Atoms */,
				4FA4D70314302969003958B3 /* Barnes-Hut */,
				4FA4D70B14302969003958B3 /* Physics */,
				4FA4D70814302969003958B3 /* Kernel */,
				4FA4D71614302969003958B3 /* System */,
				4FA4D71214302969003958B3 /* Support */,
			);
			name = PSArborTouch;
			path = ../PSArborTouch;
			sourceTree = "<group>";
		};
		4FA4D6FE14302969003958B3 /* Atoms */ = {
			isa = PBXGroup;
			children = (
				4FA4D70114302969003958B3 /* ATNode.h */,
				4FA4D70214302969003958B3 /* ATNode.m */,
				4FA4D6FF14302969003958B3 /* ATEdge.h */,
				4FA4D70014302969003958B3 /* ATEdge.m */,
			);
			path = Atoms;
			sourceTree = "<group>";
		};
		4FA4D70314302969003958B3 /* Barnes-Hut */ = {
			isa = PBXGroup;
			children = (
				4FA4D70614302969003958B3 /* ATBarnesHutTree.h */,
				4FA4D70714302969003958B3 /* ATBarnesHutTree.m */,
				4FA4D70414302969003958B3 /* ATBarnesHutBranch.h */,
				4FA4D70514302969003958B3 /* ATBarnesHutBranch.m */,
			);
			path = "Barnes-Hut";
			sourceTree = "<group>";
		};
		4FA4D70814302969003958B3 /* Kernel */ = {
			isa = PBXGroup;
			children = (
				4FA4D70914302969003958B3 /* ATKernel.h */,
				4FA4D70A14302969003958B3 /* ATKernel.m */,
			);
			path = Kernel;
			sourceTree = "<group>";
		};
		4FA4D70B14302969003958B3 /* Physics */ = {
			isa = PBXGroup;
			children = (
				4FA4D71914302969003958B3 /* ATEnergy.h */,
				4FA4D71A14302969003958B3 /* ATEnergy.m */,
				4FA4D70C14302969003958B3 /* ATParticle.h */,
				4FA4D70D14302969003958B3 /* ATParticle.m */,
				4FA4D71014302969003958B3 /* ATSpring.h */,
				4FA4D71114302969003958B3 /* ATSpring.m */,
				4FA4D70E14302969003958B3 /* ATPhysics.h */,
				4FA4D70F14302969003958B3 /* ATPhysics.m */,
			);
			path = Physics;
			sourceTree = "<group>";
		};
		4FA4D71214302969003958B3 /* Support */ = {
			isa = PBXGroup;
			children = (
				4FA4D71314302969003958B3 /* ATGeometry.h */,
			);
			path = Support;
			sourceTree = "<group>";
		};
		4FA4D71614302969003958B3 /* System */ = {
			isa = PBXGroup;
			children = (
				4FA4D71714302969003958B3 /* ATSystem.h */,
				4FA4D71814302969003958B3 /* ATSystem.m */,
				4F80D486143561AC00D9332C /* ATSystemParams.h */,
				4F80D487143561AC00D9332C /* ATSystemParams.m */,
				4F80D48214354ADF00D9332C /* ATSystemState.h */,
				4F80D48314354ADF00D9332C /* ATSystemState.m */,
				4F21152A143197B600B2F51F /* ATSystemRenderer.h */,
			);
			path = System;
			sourceTree = "<group>";
		};
		4FD1F42D1B873F1900DDB0D2 /* Shared */ = {
			isa = PBXGroup;
			children = (
				4FD1F42E1B873F1900DDB0D2 /* Classes */,
				4FD1F4321B873F1900DDB0D2 /* Graphics */,
				4FD1F4341B873F1900DDB0D2 /* Interface */,
				4FD1F4351B873F1900DDB0D2 /* Target */,
			);
			path = Shared;
			sourceTree = "<group>";
		};
		4FD1F42E1B873F1900DDB0D2 /* Classes */ = {
			isa = PBXGroup;
			children = (
				4FD1F42F1B873F1900DDB0D2 /* Controller */,
				4FD1F4301B873F1900DDB0D2 /* Model */,
				4FD1F4311B873F1900DDB0D2 /* View */,
			);
			path = Classes;
			sourceTree = "<group>";
		};
		4FD1F42F1B873F1900DDB0D2 /* Controller */ = {
			isa = PBXGroup;
			children = (
			);
			path = Controller;
			sourceTree = "<group>";
		};
		4FD1F4301B873F1900DDB0D2 /* Model */ = {
			isa = PBXGroup;
			children = (
			);
			path = Model;
			sourceTree = "<group>";
		};
		4FD1F4311B873F1900DDB0D2 /* View */ = {
			isa = PBXGroup;
			children = (
			);
			path = View;
			sourceTree = "<group>";
		};
		4FD1F4321B873F1900DDB0D2 /* Graphics */ = {
			isa = PBXGroup;
			children = (
				4FD1F4331B873F1900DDB0D2 /* Icon-72.png */,
			);
			path = Graphics;
			sourceTree = "<group>";
		};
		4FD1F4341B873F1900DDB0D2 /* Interface */ = {
			isa = PBXGroup;
			children = (
			);
			path = Interface;
			sourceTree = "<group>";
		};
		4FD1F4351B873F1900DDB0D2 /* Target */ = {
			isa = PBXGroup;
			children = (
				4FD1F4361B873F1900DDB0D2 /* SharedTarget.pch */,
			);
			path = Target;
			sourceTree = "<group>";
		};
		4FD1F4381B8743CE00DDB0D2 /* Classes */ = {
			isa = PBXGroup;
			children = (
				4FA4D6E41430236D003958B3 /* Controller */,
				4FA4D6E514302376003958B3 /* View */,
				4FA4D6E61430237A003958B3 /* Model */,
			);
			path = Classes;
			sourceTree = "<group>";
		};
		4FD1F4391B8743D800DDB0D2 /* Interface */ = {
			isa = PBXGroup;
			children = (
				4FD1F43F1B8744D600DDB0D2 /* MainWindow.xib */,
				4FD1F4401B8744D600DDB0D2 /* SystemRigViewController.xib */,
			);
			path = Interface;
			sourceTree = "<group>";
		};
		4FD1F43A1B8743E400DDB0D2 /* Target */ = {
			isa = PBXGroup;
			children = (
				4FA4D6C814302355003958B3 /* SystemRig-Info.plist */,
				4FA4D6CC14302355003958B3 /* main.m */,
			);
			path = Target;
			sourceTree = "<group>";
		};
/* End PBXGroup section */

/* Begin PBXNativeTarget section */
		4FA4D6BB14302355003958B3 /* SystemRig */ = {
			isa = PBXNativeTarget;
			buildConfigurationList = 4FA4D6DD14302355003958B3 /* Build configuration list for PBXNativeTarget "SystemRig" */;
			buildPhases = (
				4FA4D6B814302355003958B3 /* Sources */,
				4FA4D6B914302355003958B3 /* Frameworks */,
				4FA4D6BA14302355003958B3 /* Resources */,
			);
			buildRules = (
			);
			dependencies = (
			);
			name = SystemRig;
			productName = SystemRig;
			productReference = 4FA4D6BC14302355003958B3 /* SystemRig.app */;
			productType = "com.apple.product-type.application";
		};
/* End PBXNativeTarget section */

/* Begin PBXProject section */
		4FA4D6B314302355003958B3 /* Project object */ = {
			isa = PBXProject;
			attributes = {
				LastUpgradeCheck = 0700;
				ORGANIZATIONNAME = "Preston Software";
			};
			buildConfigurationList = 4FA4D6B614302355003958B3 /* Build configuration list for PBXProject "SystemRig" */;
			compatibilityVersion = "Xcode 3.2";
			developmentRegion = English;
			hasScannedForEncodings = 0;
			knownRegions = (
				en,
			);
			mainGroup = 4FA4D6B114302355003958B3;
			productRefGroup = 4FA4D6BD14302355003958B3 /* Products */;
			projectDirPath = "";
			projectRoot = "";
			targets = (
				4FA4D6BB14302355003958B3 /* SystemRig */,
			);
		};
/* End PBXProject section */

/* Begin PBXResourcesBuildPhase section */
		4FA4D6BA14302355003958B3 /* Resources */ = {
			isa = PBXResourcesBuildPhase;
			buildActionMask = 2147483647;
			files = (
				4FD1F4421B8744D600DDB0D2 /* SystemRigViewController.xib in Resources */,
				4FD1F4411B8744D600DDB0D2 /* MainWindow.xib in Resources */,
				4FD1F4371B873F1900DDB0D2 /* Icon-72.png in Resources */,
			);
			runOnlyForDeploymentPostprocessing = 0;
		};
/* End PBXResourcesBuildPhase section */

/* Begin PBXSourcesBuildPhase section */
		4FA4D6B814302355003958B3 /* Sources */ = {
			isa = PBXSourcesBuildPhase;
			buildActionMask = 2147483647;
			files = (
				4FA4D6CD14302355003958B3 /* main.m in Sources */,
				4FA4D6D114302355003958B3 /* SystemRigAppDelegate.m in Sources */,
				4FA4D6D714302355003958B3 /* SystemRigViewController.m in Sources */,
				4FA4D71B14302969003958B3 /* ATEdge.m in Sources */,
				4FA4D71C14302969003958B3 /* ATNode.m in Sources */,
				4FA4D71D14302969003958B3 /* ATBarnesHutBranch.m in Sources */,
				4FA4D71E14302969003958B3 /* ATBarnesHutTree.m in Sources */,
				4FA4D71F14302969003958B3 /* ATKernel.m in Sources */,
				4FA4D72014302969003958B3 /* ATParticle.m in Sources */,
				4FA4D72114302969003958B3 /* ATPhysics.m in Sources */,
				4FA4D72214302969003958B3 /* ATSpring.m in Sources */,
				4FA4D72414302969003958B3 /* ATSystem.m in Sources */,
				4FA4D72514302969003958B3 /* ATEnergy.m in Sources */,
				4F80D48414354ADF00D9332C /* ATSystemState.m in Sources */,
				4F80D488143561AC00D9332C /* ATSystemParams.m in Sources */,
				4F320C6214360B46004783DB /* ATSystemDebugView.m in Sources */,
			);
			runOnlyForDeploymentPostprocessing = 0;
		};
/* End PBXSourcesBuildPhase section */

/* Begin XCBuildConfiguration section */
		4FA4D6DB14302355003958B3 /* Debug */ = {
			isa = XCBuildConfiguration;
			buildSettings = {
				CLANG_WARN_BOOL_CONVERSION = YES;
				CLANG_WARN_CONSTANT_CONVERSION = YES;
				CLANG_WARN_EMPTY_BODY = YES;
				CLANG_WARN_ENUM_CONVERSION = YES;
				CLANG_WARN_INT_CONVERSION = YES;
				CLANG_WARN__DUPLICATE_METHOD_MATCH = YES;
				CODE_SIGN_IDENTITY = "iPhone Developer";
				"CODE_SIGN_IDENTITY[sdk=iphoneos*]" = "iPhone Developer";
				COPY_PHASE_STRIP = NO;
				ENABLE_TESTABILITY = YES;
				GCC_OPTIMIZATION_LEVEL = 0;
				GCC_PREPROCESSOR_DEFINITIONS = (
					"DEBUG=1",
					"$(inherited)",
				);
				GCC_SYMBOLS_PRIVATE_EXTERN = NO;
				GCC_VERSION = "";
				GCC_WARN_64_TO_32_BIT_CONVERSION = YES;
				GCC_WARN_ABOUT_MISSING_PROTOTYPES = YES;
				GCC_WARN_ABOUT_RETURN_TYPE = YES;
				GCC_WARN_UNDECLARED_SELECTOR = YES;
				GCC_WARN_UNINITIALIZED_AUTOS = YES;
				GCC_WARN_UNUSED_FUNCTION = YES;
				GCC_WARN_UNUSED_VARIABLE = YES;
				ONLY_ACTIVE_ARCH = YES;
				SDKROOT = iphoneos;
				TARGETED_DEVICE_FAMILY = 2;
			};
			name = Debug;
		};
		4FA4D6DC14302355003958B3 /* Release */ = {
			isa = XCBuildConfiguration;
			buildSettings = {
				CLANG_WARN_BOOL_CONVERSION = YES;
				CLANG_WARN_CONSTANT_CONVERSION = YES;
				CLANG_WARN_EMPTY_BODY = YES;
				CLANG_WARN_ENUM_CONVERSION = YES;
				CLANG_WARN_INT_CONVERSION = YES;
				CLANG_WARN__DUPLICATE_METHOD_MATCH = YES;
				CODE_SIGN_IDENTITY = "iPhone Developer";
				"CODE_SIGN_IDENTITY[sdk=iphoneos*]" = "iPhone Developer";
				COPY_PHASE_STRIP = YES;
				GCC_VERSION = "";
				GCC_WARN_64_TO_32_BIT_CONVERSION = YES;
				GCC_WARN_ABOUT_MISSING_PROTOTYPES = YES;
				GCC_WARN_ABOUT_RETURN_TYPE = YES;
				GCC_WARN_UNDECLARED_SELECTOR = YES;
				GCC_WARN_UNINITIALIZED_AUTOS = YES;
				GCC_WARN_UNUSED_FUNCTION = YES;
				GCC_WARN_UNUSED_VARIABLE = YES;
				OTHER_CFLAGS = "-DNS_BLOCK_ASSERTIONS=1";
				SDKROOT = iphoneos;
				TARGETED_DEVICE_FAMILY = 2;
				VALIDATE_PRODUCT = YES;
			};
			name = Release;
		};
		4FA4D6DE14302355003958B3 /* Debug */ = {
			isa = XCBuildConfiguration;
			buildSettings = {
				CLANG_ENABLE_MODULES = YES;
				CLANG_ENABLE_OBJC_ARC = YES;
				ENABLE_STRICT_OBJC_MSGSEND = YES;
				GCC_PRECOMPILE_PREFIX_HEADER = YES;
				GCC_PREFIX_HEADER = Shared/Target/SharedTarget.pch;
				INFOPLIST_FILE = "$(SRCROOT)/SystemRig/Target/SystemRig-Info.plist";
				PRODUCT_BUNDLE_IDENTIFIER = "com.prestonsoft.${PRODUCT_NAME:rfc1034identifier}";
				PRODUCT_NAME = "$(TARGET_NAME)";
				WRAPPER_EXTENSION = app;
			};
			name = Debug;
		};
		4FA4D6DF14302355003958B3 /* Release */ = {
			isa = XCBuildConfiguration;
			buildSettings = {
				CLANG_ENABLE_MODULES = YES;
				CLANG_ENABLE_OBJC_ARC = YES;
				ENABLE_STRICT_OBJC_MSGSEND = YES;
				GCC_PRECOMPILE_PREFIX_HEADER = YES;
				GCC_PREFIX_HEADER = Shared/Target/SharedTarget.pch;
				INFOPLIST_FILE = "$(SRCROOT)/SystemRig/Target/SystemRig-Info.plist";
				PRODUCT_BUNDLE_IDENTIFIER = "com.prestonsoft.${PRODUCT_NAME:rfc1034identifier}";
				PRODUCT_NAME = "$(TARGET_NAME)";
				WRAPPER_EXTENSION = app;
			};
			name = Release;
		};
/* End XCBuildConfiguration section */

/* Begin XCConfigurationList section */
		4FA4D6B614302355003958B3 /* Build configuration list for PBXProject "SystemRig" */ = {
			isa = XCConfigurationList;
			buildConfigurations = (
				4FA4D6DB14302355003958B3 /* Debug */,
				4FA4D6DC14302355003958B3 /* Release */,
			);
			defaultConfigurationIsVisible = 0;
			defaultConfigurationName = Release;
		};
		4FA4D6DD14302355003958B3 /* Build configuration list for PBXNativeTarget "SystemRig" */ = {
			isa = XCConfigurationList;
			buildConfigurations = (
				4FA4D6DE14302355003958B3 /* Debug */,
				4FA4D6DF14302355003958B3 /* Release */,
			);
			defaultConfigurationIsVisible = 0;
			defaultConfigurationName = Release;
		};
/* End XCConfigurationList section */
	};
	rootObject = 4FA4D6B314302355003958B3 /* Project object */;
}
