// !$*UTF8*$!
{
	archiveVersion = 1;
	classes = {
	};
	objectVersion = 46;
	objects = {

/* Begin PBXBuildFile section */
		4F4DA19A1439E41700AAB205 /* UIKit.framework in Frameworks */ = {isa = PBXBuildFile; fileRef = 4F4DA1991439E41700AAB205 /* UIKit.framework */; };
		4F4DA19C1439E41700AAB205 /* Foundation.framework in Frameworks */ = {isa = PBXBuildFile; fileRef = 4F4DA19B1439E41700AAB205 /* Foundation.framework */; };
		4F4DA19E1439E41700AAB205 /* CoreGraphics.framework in Frameworks */ = {isa = PBXBuildFile; fileRef = 4F4DA19D1439E41700AAB205 /* CoreGraphics.framework */; };
		4F4DA1A41439E41700AAB205 /* InfoPlist.strings in Resources */ = {isa = PBXBuildFile; fileRef = 4F4DA1A21439E41700AAB205 /* InfoPlist.strings */; };
		4F4DA1A61439E41700AAB205 /* main.m in Sources */ = {isa = PBXBuildFile; fileRef = 4F4DA1A51439E41700AAB205 /* main.m */; };
		4F4DA1AA1439E41700AAB205 /* WelcomeAppDelegate.m in Sources */ = {isa = PBXBuildFile; fileRef = 4F4DA1A91439E41700AAB205 /* WelcomeAppDelegate.m */; };
		4F4DA1AD1439E41700AAB205 /* MainWindow.xib in Resources */ = {isa = PBXBuildFile; fileRef = 4F4DA1AB1439E41700AAB205 /* MainWindow.xib */; };
		4F4DA1B01439E41700AAB205 /* WelcomeViewController.m in Sources */ = {isa = PBXBuildFile; fileRef = 4F4DA1AF1439E41700AAB205 /* WelcomeViewController.m */; };
		4F4DA1B31439E41700AAB205 /* WelcomeViewController.xib in Resources */ = {isa = PBXBuildFile; fileRef = 4F4DA1B11439E41700AAB205 /* WelcomeViewController.xib */; };
/* End PBXBuildFile section */

/* Begin PBXFileReference section */
		4F4DA1951439E41700AAB205 /* Welcome.app */ = {isa = PBXFileReference; explicitFileType = wrapper.application; includeInIndex = 0; path = Welcome.app; sourceTree = BUILT_PRODUCTS_DIR; };
		4F4DA1991439E41700AAB205 /* UIKit.framework */ = {isa = PBXFileReference; lastKnownFileType = wrapper.framework; name = UIKit.framework; path = System/Library/Frameworks/UIKit.framework; sourceTree = SDKROOT; };
		4F4DA19B1439E41700AAB205 /* Foundation.framework */ = {isa = PBXFileReference; lastKnownFileType = wrapper.framework; name = Foundation.framework; path = System/Library/Frameworks/Foundation.framework; sourceTree = SDKROOT; };
		4F4DA19D1439E41700AAB205 /* CoreGraphics.framework */ = {isa = PBXFileReference; lastKnownFileType = wrapper.framework; name = CoreGraphics.framework; path = System/Library/Frameworks/CoreGraphics.framework; sourceTree = SDKROOT; };
		4F4DA1A11439E41700AAB205 /* Welcome-Info.plist */ = {isa = PBXFileReference; lastKnownFileType = text.plist.xml; path = "Welcome-Info.plist"; sourceTree = "<group>"; };
		4F4DA1A31439E41700AAB205 /* en */ = {isa = PBXFileReference; lastKnownFileType = text.plist.strings; name = en; path = en.lproj/InfoPlist.strings; sourceTree = "<group>"; };
		4F4DA1A51439E41700AAB205 /* main.m */ = {isa = PBXFileReference; lastKnownFileType = sourcecode.c.objc; path = main.m; sourceTree = "<group>"; };
		4F4DA1A71439E41700AAB205 /* Welcome-Prefix.pch */ = {isa = PBXFileReference; lastKnownFileType = sourcecode.c.h; path = "Welcome-Prefix.pch"; sourceTree = "<group>"; };
		4F4DA1A81439E41700AAB205 /* WelcomeAppDelegate.h */ = {isa = PBXFileReference; lastKnownFileType = sourcecode.c.h; path = WelcomeAppDelegate.h; sourceTree = "<group>"; };
		4F4DA1A91439E41700AAB205 /* WelcomeAppDelegate.m */ = {isa = PBXFileReference; lastKnownFileType = sourcecode.c.objc; path = WelcomeAppDelegate.m; sourceTree = "<group>"; };
		4F4DA1AC1439E41700AAB205 /* en */ = {isa = PBXFileReference; lastKnownFileType = file.xib; name = en; path = en.lproj/MainWindow.xib; sourceTree = "<group>"; };
		4F4DA1AE1439E41700AAB205 /* WelcomeViewController.h */ = {isa = PBXFileReference; lastKnownFileType = sourcecode.c.h; path = WelcomeViewController.h; sourceTree = "<group>"; };
		4F4DA1AF1439E41700AAB205 /* WelcomeViewController.m */ = {isa = PBXFileReference; lastKnownFileType = sourcecode.c.objc; path = WelcomeViewController.m; sourceTree = "<group>"; };
		4F4DA1B21439E41700AAB205 /* en */ = {isa = PBXFileReference; lastKnownFileType = file.xib; name = en; path = en.lproj/WelcomeViewController.xib; sourceTree = "<group>"; };
/* End PBXFileReference section */

/* Begin PBXFrameworksBuildPhase section */
		4F4DA1921439E41700AAB205 /* Frameworks */ = {
			isa = PBXFrameworksBuildPhase;
			buildActionMask = 2147483647;
			files = (
				4F4DA19A1439E41700AAB205 /* UIKit.framework in Frameworks */,
				4F4DA19C1439E41700AAB205 /* Foundation.framework in Frameworks */,
				4F4DA19E1439E41700AAB205 /* CoreGraphics.framework in Frameworks */,
			);
			runOnlyForDeploymentPostprocessing = 0;
		};
/* End PBXFrameworksBuildPhase section */

/* Begin PBXGroup section */
		4F4DA18A1439E41700AAB205 = {
			isa = PBXGroup;
			children = (
				4F4DA19F1439E41700AAB205 /* Welcome */,
				4F4DA1981439E41700AAB205 /* Frameworks */,
				4F4DA1961439E41700AAB205 /* Products */,
			);
			sourceTree = "<group>";
		};
		4F4DA1961439E41700AAB205 /* Products */ = {
			isa = PBXGroup;
			children = (
				4F4DA1951439E41700AAB205 /* Welcome.app */,
			);
			name = Products;
			sourceTree = "<group>";
		};
		4F4DA1981439E41700AAB205 /* Frameworks */ = {
			isa = PBXGroup;
			children = (
				4F4DA1991439E41700AAB205 /* UIKit.framework */,
				4F4DA19B1439E41700AAB205 /* Foundation.framework */,
				4F4DA19D1439E41700AAB205 /* CoreGraphics.framework */,
			);
			name = Frameworks;
			sourceTree = "<group>";
		};
		4F4DA19F1439E41700AAB205 /* Welcome */ = {
			isa = PBXGroup;
			children = (
				4F4DA1F01439E5C200AAB205 /* Controller */,
				4F4DA1F21439E61900AAB205 /* View */,
				4F4DA1F31439E62000AAB205 /* Model */,
				4F4DA1A01439E41700AAB205 /* Supporting Files */,
			);
			path = Welcome;
			sourceTree = "<group>";
		};
		4F4DA1A01439E41700AAB205 /* Supporting Files */ = {
			isa = PBXGroup;
			children = (
				4F4DA1A11439E41700AAB205 /* Welcome-Info.plist */,
				4F4DA1A21439E41700AAB205 /* InfoPlist.strings */,
				4F4DA1A51439E41700AAB205 /* main.m */,
				4F4DA1A71439E41700AAB205 /* Welcome-Prefix.pch */,
			);
			name = "Supporting Files";
			sourceTree = "<group>";
		};
		4F4DA1F01439E5C200AAB205 /* Controller */ = {
			isa = PBXGroup;
			children = (
				4F4DA1F11439E5CF00AAB205 /* AppDelegate */,
				4F4DA1AE1439E41700AAB205 /* WelcomeViewController.h */,
				4F4DA1AF1439E41700AAB205 /* WelcomeViewController.m */,
				4F4DA1B11439E41700AAB205 /* WelcomeViewController.xib */,
			);
			name = Controller;
			sourceTree = "<group>";
		};
		4F4DA1F11439E5CF00AAB205 /* AppDelegate */ = {
			isa = PBXGroup;
			children = (
				4F4DA1A81439E41700AAB205 /* WelcomeAppDelegate.h */,
				4F4DA1A91439E41700AAB205 /* WelcomeAppDelegate.m */,
				4F4DA1AB1439E41700AAB205 /* MainWindow.xib */,
			);
			name = AppDelegate;
			sourceTree = "<group>";
		};
		4F4DA1F21439E61900AAB205 /* View */ = {
			isa = PBXGroup;
			children = (
			);
			name = View;
			sourceTree = "<group>";
		};
		4F4DA1F31439E62000AAB205 /* Model */ = {
			isa = PBXGroup;
			children = (
			);
			name = Model;
			sourceTree = "<group>";
		};
/* End PBXGroup section */

/* Begin PBXNativeTarget section */
		4F4DA1941439E41700AAB205 /* Welcome */ = {
			isa = PBXNativeTarget;
			buildConfigurationList = 4F4DA1B61439E41700AAB205 /* Build configuration list for PBXNativeTarget "Welcome" */;
			buildPhases = (
				4F4DA1911439E41700AAB205 /* Sources */,
				4F4DA1921439E41700AAB205 /* Frameworks */,
				4F4DA1931439E41700AAB205 /* Resources */,
			);
			buildRules = (
			);
			dependencies = (
			);
			name = Welcome;
			productName = Welcome;
			productReference = 4F4DA1951439E41700AAB205 /* Welcome.app */;
			productType = "com.apple.product-type.application";
		};
/* End PBXNativeTarget section */

/* Begin PBXProject section */
		4F4DA18C1439E41700AAB205 /* Project object */ = {
			isa = PBXProject;
			attributes = {
				ORGANIZATIONNAME = "Preston Software";
			};
			buildConfigurationList = 4F4DA18F1439E41700AAB205 /* Build configuration list for PBXProject "Welcome" */;
			compatibilityVersion = "Xcode 3.2";
			developmentRegion = English;
			hasScannedForEncodings = 0;
			knownRegions = (
				en,
			);
			mainGroup = 4F4DA18A1439E41700AAB205;
			productRefGroup = 4F4DA1961439E41700AAB205 /* Products */;
			projectDirPath = "";
			projectRoot = "";
			targets = (
				4F4DA1941439E41700AAB205 /* Welcome */,
			);
		};
/* End PBXProject section */

/* Begin PBXResourcesBuildPhase section */
		4F4DA1931439E41700AAB205 /* Resources */ = {
			isa = PBXResourcesBuildPhase;
			buildActionMask = 2147483647;
			files = (
				4F4DA1A41439E41700AAB205 /* InfoPlist.strings in Resources */,
				4F4DA1AD1439E41700AAB205 /* MainWindow.xib in Resources */,
				4F4DA1B31439E41700AAB205 /* WelcomeViewController.xib in Resources */,
			);
			runOnlyForDeploymentPostprocessing = 0;
		};
/* End PBXResourcesBuildPhase section */

/* Begin PBXSourcesBuildPhase section */
		4F4DA1911439E41700AAB205 /* Sources */ = {
			isa = PBXSourcesBuildPhase;
			buildActionMask = 2147483647;
			files = (
				4F4DA1A61439E41700AAB205 /* main.m in Sources */,
				4F4DA1AA1439E41700AAB205 /* WelcomeAppDelegate.m in Sources */,
				4F4DA1B01439E41700AAB205 /* WelcomeViewController.m in Sources */,
			);
			runOnlyForDeploymentPostprocessing = 0;
		};
/* End PBXSourcesBuildPhase section */

/* Begin PBXVariantGroup section */
		4F4DA1A21439E41700AAB205 /* InfoPlist.strings */ = {
			isa = PBXVariantGroup;
			children = (
				4F4DA1A31439E41700AAB205 /* en */,
			);
			name = InfoPlist.strings;
			sourceTree = "<group>";
		};
		4F4DA1AB1439E41700AAB205 /* MainWindow.xib */ = {
			isa = PBXVariantGroup;
			children = (
				4F4DA1AC1439E41700AAB205 /* en */,
			);
			name = MainWindow.xib;
			sourceTree = "<group>";
		};
		4F4DA1B11439E41700AAB205 /* WelcomeViewController.xib */ = {
			isa = PBXVariantGroup;
			children = (
				4F4DA1B21439E41700AAB205 /* en */,
			);
			name = WelcomeViewController.xib;
			sourceTree = "<group>";
		};
/* End PBXVariantGroup section */

/* Begin XCBuildConfiguration section */
		4F4DA1B41439E41700AAB205 /* Debug */ = {
			isa = XCBuildConfiguration;
			buildSettings = {
				ALWAYS_SEARCH_USER_PATHS = NO;
				ARCHS = "$(ARCHS_UNIVERSAL_IPHONE_OS)";
				"CODE_SIGN_IDENTITY[sdk=iphoneos*]" = "iPhone Developer";
				COPY_PHASE_STRIP = NO;
				GCC_C_LANGUAGE_STANDARD = gnu99;
				GCC_DYNAMIC_NO_PIC = NO;
				GCC_OPTIMIZATION_LEVEL = 0;
				GCC_PREPROCESSOR_DEFINITIONS = (
					"DEBUG=1",
					"$(inherited)",
				);
				GCC_SYMBOLS_PRIVATE_EXTERN = NO;
				GCC_VERSION = com.apple.compilers.llvm.clang.1_0;
				GCC_WARN_ABOUT_MISSING_PROTOTYPES = YES;
				GCC_WARN_ABOUT_RETURN_TYPE = YES;
				GCC_WARN_UNUSED_VARIABLE = YES;
				IPHONEOS_DEPLOYMENT_TARGET = 4.3;
				SDKROOT = iphoneos;
				TARGETED_DEVICE_FAMILY = 2;
			};
			name = Debug;
		};
		4F4DA1B51439E41700AAB205 /* Release */ = {
			isa = XCBuildConfiguration;
			buildSettings = {
				ALWAYS_SEARCH_USER_PATHS = NO;
				ARCHS = "$(ARCHS_UNIVERSAL_IPHONE_OS)";
				"CODE_SIGN_IDENTITY[sdk=iphoneos*]" = "iPhone Developer";
				COPY_PHASE_STRIP = YES;
				GCC_C_LANGUAGE_STANDARD = gnu99;
				GCC_OPTIMIZATION_LEVEL = 3;
				GCC_VERSION = com.apple.compilers.llvm.clang.1_0;
				GCC_WARN_ABOUT_MISSING_PROTOTYPES = YES;
				GCC_WARN_ABOUT_RETURN_TYPE = YES;
				GCC_WARN_UNUSED_VARIABLE = YES;
				IPHONEOS_DEPLOYMENT_TARGET = 4.3;
				OTHER_CFLAGS = "-DNS_BLOCK_ASSERTIONS=1";
				SDKROOT = iphoneos;
				TARGETED_DEVICE_FAMILY = 2;
				VALIDATE_PRODUCT = YES;
			};
			name = Release;
		};
		4F4DA1B71439E41700AAB205 /* Debug */ = {
			isa = XCBuildConfiguration;
			buildSettings = {
				GCC_PRECOMPILE_PREFIX_HEADER = YES;
				GCC_PREFIX_HEADER = "Welcome/Welcome-Prefix.pch";
				INFOPLIST_FILE = "Welcome/Welcome-Info.plist";
				IPHONEOS_DEPLOYMENT_TARGET = 4.3;
				PRODUCT_NAME = "$(TARGET_NAME)";
				WRAPPER_EXTENSION = app;
			};
			name = Debug;
		};
		4F4DA1B81439E41700AAB205 /* Release */ = {
			isa = XCBuildConfiguration;
			buildSettings = {
				GCC_PRECOMPILE_PREFIX_HEADER = YES;
				GCC_PREFIX_HEADER = "Welcome/Welcome-Prefix.pch";
				INFOPLIST_FILE = "Welcome/Welcome-Info.plist";
				IPHONEOS_DEPLOYMENT_TARGET = 4.3;
				PRODUCT_NAME = "$(TARGET_NAME)";
				WRAPPER_EXTENSION = app;
			};
			name = Release;
		};
/* End XCBuildConfiguration section */

/* Begin XCConfigurationList section */
		4F4DA18F1439E41700AAB205 /* Build configuration list for PBXProject "Welcome" */ = {
			isa = XCConfigurationList;
			buildConfigurations = (
				4F4DA1B41439E41700AAB205 /* Debug */,
				4F4DA1B51439E41700AAB205 /* Release */,
			);
			defaultConfigurationIsVisible = 0;
			defaultConfigurationName = Release;
		};
		4F4DA1B61439E41700AAB205 /* Build configuration list for PBXNativeTarget "Welcome" */ = {
			isa = XCConfigurationList;
			buildConfigurations = (
				4F4DA1B71439E41700AAB205 /* Debug */,
				4F4DA1B81439E41700AAB205 /* Release */,
			);
			defaultConfigurationIsVisible = 0;
		};
/* End XCConfigurationList section */
	};
	rootObject = 4F4DA18C1439E41700AAB205 /* Project object */;
}
