<?xml version="1.0" encoding="UTF-8"?>
<Scheme
   LastUpgradeVersion = "0500"
   version = "1.7">
   <BuildAction
      parallelizeBuildables = "YES"
      buildImplicitDependencies = "YES">
      <BuildActionEntries>
         <BuildActionEntry
            buildForTesting = "YES"
            buildForRunning = "YES"
            buildForProfiling = "YES"
            buildForArchiving = "YES"
            buildForAnalyzing = "YES">
            <BuildableReference
               BuildableIdentifier = "primary"
               BlueprintIdentifier = "453111B00A64EDBB00A970C2"
               BuildableName = "TouchJSON Demo"
               BlueprintName = "Demo"
               ReferencedContainer = "container:TouchJSON.xcodeproj">
            </BuildableReference>
         </BuildActionEntry>
      </BuildActionEntries>
   </BuildAction>
   <TestAction
      selectedDebuggerIdentifier = "Xcode.DebuggerFoundation.Debugger.LLDB"
      selectedLauncherIdentifier = "Xcode.DebuggerFoundation.Launcher.LLDB"
      shouldUseLaunchSchemeArgsEnv = "YES"
      buildConfiguration = "Debug">
      <PostActions>
         <ExecutionAction
            ActionType = "Xcode.IDEStandardExecutionActionsCore.ExecutionActionType.ShellScriptAction">
            <ActionContent
               title = "Run Script"
               scriptText = "PATH=&quot;${PATH}:/usr/local/bin&quot;&#10;&#10;if [ which lconv ]&#10;  then&#10;    echo &quot;No lconv found. Please install&quot;&#10;    exit 0&#10;fi&#10;&#10;COVERAGE_DIR=&quot;${OBJECT_FILE_DIR}-${BUILD_VARIANTS}/${NATIVE_ARCH_ACTUAL}&quot;&#10;lcov --capture --directory &quot;${COVERAGE_DIR}&quot; --output-file &quot;${COVERAGE_DIR}/converage.info&quot;&#10;genhtml &quot;${COVERAGE_DIR}/converage.info&quot; --output-directory &quot;${SRCROOT}/Coverage Report&quot;&#10;&#10;&#10;">
               <EnvironmentBuildable>
                  <BuildableReference
                     BuildableIdentifier = "primary"
                     BlueprintIdentifier = "45B15E100947D97B00AE66EB"
                     BuildableName = "UnitTests.octest"
                     BlueprintName = "UnitTests"
                     ReferencedContainer = "container:TouchJSON.xcodeproj">
                  </BuildableReference>
               </EnvironmentBuildable>
            </ActionContent>
         </ExecutionAction>
      </PostActions>
      <Testables>
         <TestableReference
            skipped = "NO">
            <BuildableReference
               BuildableIdentifier = "primary"
               BlueprintIdentifier = "45B15E100947D97B00AE66EB"
               BuildableName = "UnitTests.octest"
               BlueprintName = "UnitTests"
               ReferencedContainer = "container:TouchJSON.xcodeproj">
            </BuildableReference>
         </TestableReference>
      </Testables>
      <MacroExpansion>
         <BuildableReference
            BuildableIdentifier = "primary"
            BlueprintIdentifier = "453111B00A64EDBB00A970C2"
            BuildableName = "TouchJSON Demo"
            BlueprintName = "Demo"
            ReferencedContainer = "container:TouchJSON.xcodeproj">
         </BuildableReference>
      </MacroExpansion>
   </TestAction>
   <LaunchAction
      selectedDebuggerIdentifier = "Xcode.DebuggerFoundation.Debugger.LLDB"
      selectedLauncherIdentifier = "Xcode.DebuggerFoundation.Launcher.LLDB"
      launchStyle = "0"
      useCustomWorkingDirectory = "NO"
      buildConfiguration = "Debug"
      ignoresPersistentStateOnLaunch = "NO"
      debugDocumentVersioning = "YES"
      allowLocationSimulation = "YES">
      <BuildableProductRunnable>
         <BuildableReference
            BuildableIdentifier = "primary"
            BlueprintIdentifier = "453111B00A64EDBB00A970C2"
            BuildableName = "TouchJSON Demo"
            BlueprintName = "Demo"
            ReferencedContainer = "container:TouchJSON.xcodeproj">
         </BuildableReference>
      </BuildableProductRunnable>
      <AdditionalOptions>
      </AdditionalOptions>
   </LaunchAction>
   <ProfileAction
      shouldUseLaunchSchemeArgsEnv = "YES"
      savedToolIdentifier = ""
      useCustomWorkingDirectory = "NO"
      buildConfiguration = "Release"
      debugDocumentVersioning = "YES">
      <BuildableProductRunnable>
         <BuildableReference
            BuildableIdentifier = "primary"
            BlueprintIdentifier = "453111B00A64EDBB00A970C2"
            BuildableName = "TouchJSON Demo"
            BlueprintName = "Demo"
            ReferencedContainer = "container:TouchJSON.xcodeproj">
         </BuildableReference>
      </BuildableProductRunnable>
   </ProfileAction>
   <AnalyzeAction
      buildConfiguration = "Debug">
   </AnalyzeAction>
   <ArchiveAction
      buildConfiguration = "Release"
      revealArchiveInOrganizer = "YES">
   </ArchiveAction>
</Scheme>
