// !$*UTF8*$!
{
	archiveVersion = 1;
	classes = {
	};
	objectVersion = 46;
	objects = {

/* Begin PBXBuildFile section */
		4F320C431435AA1E004783DB /* ATSystemParams.m in Sources */ = {isa = PBXBuildFile; fileRef = 4F320C401435AA1E004783DB /* ATSystemParams.m */; };
		4F320C441435AA1E004783DB /* ATSystemState.m in Sources */ = {isa = PBXBuildFile; fileRef = 4F320C421435AA1E004783DB /* ATSystemState.m */; };
		4F320C521435BC13004783DB /* ATEnergy.m in Sources */ = {isa = PBXBuildFile; fileRef = 4F320C511435BC13004783DB /* ATEnergy.m */; };
		4F9FB5C8142AB0480032AF67 /* UIKit.framework in Frameworks */ = {isa = PBXBuildFile; fileRef = 4F9FB5C7142AB0480032AF67 /* UIKit.framework */; };
		4F9FB5CA142AB0480032AF67 /* Foundation.framework in Frameworks */ = {isa = PBXBuildFile; fileRef = 4F9FB5C9142AB0480032AF67 /* Foundation.framework */; };
		4F9FB5CC142AB0480032AF67 /* CoreGraphics.framework in Frameworks */ = {isa = PBXBuildFile; fileRef = 4F9FB5CB142AB0480032AF67 /* CoreGraphics.framework */; };
		4F9FB5D2142AB0480032AF67 /* InfoPlist.strings in Resources */ = {isa = PBXBuildFile; fileRef = 4F9FB5D0142AB0480032AF67 /* InfoPlist.strings */; };
		4F9FB5D4142AB0480032AF67 /* main.m in Sources */ = {isa = PBXBuildFile; fileRef = 4F9FB5D3142AB0480032AF67 /* main.m */; };
		4F9FB5D8142AB0480032AF67 /* KernelRigAppDelegate.m in Sources */ = {isa = PBXBuildFile; fileRef = 4F9FB5D7142AB0480032AF67 /* KernelRigAppDelegate.m */; };
		4F9FB5DB142AB0480032AF67 /* MainWindow.xib in Resources */ = {isa = PBXBuildFile; fileRef = 4F9FB5D9142AB0480032AF67 /* MainWindow.xib */; };
		4F9FB5DE142AB0480032AF67 /* KernelRigViewController.m in Sources */ = {isa = PBXBuildFile; fileRef = 4F9FB5DD142AB0480032AF67 /* KernelRigViewController.m */; };
		4F9FB5E1142AB0480032AF67 /* KernelRigViewController.xib in Resources */ = {isa = PBXBuildFile; fileRef = 4F9FB5DF142AB0480032AF67 /* KernelRigViewController.xib */; };
		4F9FB60F142AB0D50032AF67 /* ATEdge.m in Sources */ = {isa = PBXBuildFile; fileRef = 4F9FB5F6142AB0D50032AF67 /* ATEdge.m */; };
		4F9FB610142AB0D50032AF67 /* ATNode.m in Sources */ = {isa = PBXBuildFile; fileRef = 4F9FB5F8142AB0D50032AF67 /* ATNode.m */; };
		4F9FB611142AB0D50032AF67 /* ATBarnesHutBranch.m in Sources */ = {isa = PBXBuildFile; fileRef = 4F9FB5FB142AB0D50032AF67 /* ATBarnesHutBranch.m */; };
		4F9FB612142AB0D50032AF67 /* ATBarnesHutTree.m in Sources */ = {isa = PBXBuildFile; fileRef = 4F9FB5FD142AB0D50032AF67 /* ATBarnesHutTree.m */; };
		4F9FB613142AB0D50032AF67 /* ATParticle.m in Sources */ = {isa = PBXBuildFile; fileRef = 4F9FB601142AB0D50032AF67 /* ATParticle.m */; };
		4F9FB614142AB0D50032AF67 /* ATPhysics.m in Sources */ = {isa = PBXBuildFile; fileRef = 4F9FB603142AB0D50032AF67 /* ATPhysics.m */; };
		4F9FB615142AB0D50032AF67 /* ATSpring.m in Sources */ = {isa = PBXBuildFile; fileRef = 4F9FB605142AB0D50032AF67 /* ATSpring.m */; };
		4F9FB617142AB0D50032AF67 /* ATSystem.m in Sources */ = {isa = PBXBuildFile; fileRef = 4F9FB60C142AB0D50032AF67 /* ATSystem.m */; };
		4F9FB61F142AB13A0032AF67 /* Icon-72.png in Resources */ = {isa = PBXBuildFile; fileRef = 4F9FB61E142AB13A0032AF67 /* Icon-72.png */; };
		4F9FB638142ABA1B0032AF67 /* ATKernel.m in Sources */ = {isa = PBXBuildFile; fileRef = 4F9FB637142ABA1B0032AF67 /* ATKernel.m */; };
		4FA4D68C142CD4BD003958B3 /* ATKernelDebugView.m in Sources */ = {isa = PBXBuildFile; fileRef = 4FA4D68B142CD4BD003958B3 /* ATKernelDebugView.m */; };
/* End PBXBuildFile section */

/* Begin PBXFileReference section */
		4F2115241431964F00B2F51F /* ATSystemRenderer.h */ = {isa = PBXFileReference; fileEncoding = 4; lastKnownFileType = sourcecode.c.h; path = ATSystemRenderer.h; sourceTree = "<group>"; };
		4F320C3F1435AA1E004783DB /* ATSystemParams.h */ = {isa = PBXFileReference; fileEncoding = 4; lastKnownFileType = sourcecode.c.h; path = ATSystemParams.h; sourceTree = "<group>"; };
		4F320C401435AA1E004783DB /* ATSystemParams.m */ = {isa = PBXFileReference; fileEncoding = 4; lastKnownFileType = sourcecode.c.objc; path = ATSystemParams.m; sourceTree = "<group>"; };
		4F320C411435AA1E004783DB /* ATSystemState.h */ = {isa = PBXFileReference; fileEncoding = 4; lastKnownFileType = sourcecode.c.h; path = ATSystemState.h; sourceTree = "<group>"; };
		4F320C421435AA1E004783DB /* ATSystemState.m */ = {isa = PBXFileReference; fileEncoding = 4; lastKnownFileType = sourcecode.c.objc; path = ATSystemState.m; sourceTree = "<group>"; };
		4F320C501435BC13004783DB /* ATEnergy.h */ = {isa = PBXFileReference; fileEncoding = 4; lastKnownFileType = sourcecode.c.h; path = ATEnergy.h; sourceTree = "<group>"; };
		4F320C511435BC13004783DB /* ATEnergy.m */ = {isa = PBXFileReference; fileEncoding = 4; lastKnownFileType = sourcecode.c.objc; path = ATEnergy.m; sourceTree = "<group>"; };
		4F5467F61441B31E006A260F /* PSArborTouch.h */ = {isa = PBXFileReference; fileEncoding = 4; lastKnownFileType = sourcecode.c.h; path = PSArborTouch.h; sourceTree = "<group>"; };
		4F9FB5C3142AB0480032AF67 /* KernelRig.app */ = {isa = PBXFileReference; explicitFileType = wrapper.application; includeInIndex = 0; path = KernelRig.app; sourceTree = BUILT_PRODUCTS_DIR; };
		4F9FB5C7142AB0480032AF67 /* UIKit.framework */ = {isa = PBXFileReference; lastKnownFileType = wrapper.framework; name = UIKit.framework; path = System/Library/Frameworks/UIKit.framework; sourceTree = SDKROOT; };
		4F9FB5C9142AB0480032AF67 /* Foundation.framework */ = {isa = PBXFileReference; lastKnownFileType = wrapper.framework; name = Foundation.framework; path = System/Library/Frameworks/Foundation.framework; sourceTree = SDKROOT; };
		4F9FB5CB142AB0480032AF67 /* CoreGraphics.framework */ = {isa = PBXFileReference; lastKnownFileType = wrapper.framework; name = CoreGraphics.framework; path = System/Library/Frameworks/CoreGraphics.framework; sourceTree = SDKROOT; };
		4F9FB5CF142AB0480032AF67 /* KernelRig-Info.plist */ = {isa = PBXFileReference; lastKnownFileType = text.plist.xml; path = "KernelRig-Info.plist"; sourceTree = "<group>"; };
		4F9FB5D1142AB0480032AF67 /* en */ = {isa = PBXFileReference; lastKnownFileType = text.plist.strings; name = en; path = en.lproj/InfoPlist.strings; sourceTree = "<group>"; };
		4F9FB5D3142AB0480032AF67 /* main.m */ = {isa = PBXFileReference; lastKnownFileType = sourcecode.c.objc; path = main.m; sourceTree = "<group>"; };
		4F9FB5D5142AB0480032AF67 /* KernelRig-Prefix.pch */ = {isa = PBXFileReference; lastKnownFileType = sourcecode.c.h; path = "KernelRig-Prefix.pch"; sourceTree = "<group>"; };
		4F9FB5D6142AB0480032AF67 /* KernelRigAppDelegate.h */ = {isa = PBXFileReference; lastKnownFileType = sourcecode.c.h; path = KernelRigAppDelegate.h; sourceTree = "<group>"; };
		4F9FB5D7142AB0480032AF67 /* KernelRigAppDelegate.m */ = {isa = PBXFileReference; lastKnownFileType = sourcecode.c.objc; path = KernelRigAppDelegate.m; sourceTree = "<group>"; };
		4F9FB5DA142AB0480032AF67 /* en */ = {isa = PBXFileReference; lastKnownFileType = file.xib; name = en; path = en.lproj/MainWindow.xib; sourceTree = "<group>"; };
		4F9FB5DC142AB0480032AF67 /* KernelRigViewController.h */ = {isa = PBXFileReference; lastKnownFileType = sourcecode.c.h; path = KernelRigViewController.h; sourceTree = "<group>"; };
		4F9FB5DD142AB0480032AF67 /* KernelRigViewController.m */ = {isa = PBXFileReference; lastKnownFileType = sourcecode.c.objc; path = KernelRigViewController.m; sourceTree = "<group>"; };
		4F9FB5E0142AB0480032AF67 /* en */ = {isa = PBXFileReference; lastKnownFileType = file.xib; name = en; path = en.lproj/KernelRigViewController.xib; sourceTree = "<group>"; };
		4F9FB5F5142AB0D50032AF67 /* ATEdge.h */ = {isa = PBXFileReference; fileEncoding = 4; lastKnownFileType = sourcecode.c.h; path = ATEdge.h; sourceTree = "<group>"; };
		4F9FB5F6142AB0D50032AF67 /* ATEdge.m */ = {isa = PBXFileReference; fileEncoding = 4; lastKnownFileType = sourcecode.c.objc; path = ATEdge.m; sourceTree = "<group>"; };
		4F9FB5F7142AB0D50032AF67 /* ATNode.h */ = {isa = PBXFileReference; fileEncoding = 4; lastKnownFileType = sourcecode.c.h; path = ATNode.h; sourceTree = "<group>"; };
		4F9FB5F8142AB0D50032AF67 /* ATNode.m */ = {isa = PBXFileReference; fileEncoding = 4; lastKnownFileType = sourcecode.c.objc; path = ATNode.m; sourceTree = "<group>"; };
		4F9FB5FA142AB0D50032AF67 /* ATBarnesHutBranch.h */ = {isa = PBXFileReference; fileEncoding = 4; lastKnownFileType = sourcecode.c.h; path = ATBarnesHutBranch.h; sourceTree = "<group>"; };
		4F9FB5FB142AB0D50032AF67 /* ATBarnesHutBranch.m */ = {isa = PBXFileReference; fileEncoding = 4; lastKnownFileType = sourcecode.c.objc; path = ATBarnesHutBranch.m; sourceTree = "<group>"; };
		4F9FB5FC142AB0D50032AF67 /* ATBarnesHutTree.h */ = {isa = PBXFileReference; fileEncoding = 4; lastKnownFileType = sourcecode.c.h; path = ATBarnesHutTree.h; sourceTree = "<group>"; };
		4F9FB5FD142AB0D50032AF67 /* ATBarnesHutTree.m */ = {isa = PBXFileReference; fileEncoding = 4; lastKnownFileType = sourcecode.c.objc; path = ATBarnesHutTree.m; sourceTree = "<group>"; };
		4F9FB600142AB0D50032AF67 /* ATParticle.h */ = {isa = PBXFileReference; fileEncoding = 4; lastKnownFileType = sourcecode.c.h; path = ATParticle.h; sourceTree = "<group>"; };
		4F9FB601142AB0D50032AF67 /* ATParticle.m */ = {isa = PBXFileReference; fileEncoding = 4; lastKnownFileType = sourcecode.c.objc; path = ATParticle.m; sourceTree = "<group>"; };
		4F9FB602142AB0D50032AF67 /* ATPhysics.h */ = {isa = PBXFileReference; fileEncoding = 4; lastKnownFileType = sourcecode.c.h; path = ATPhysics.h; sourceTree = "<group>"; };
		4F9FB603142AB0D50032AF67 /* ATPhysics.m */ = {isa = PBXFileReference; fileEncoding = 4; lastKnownFileType = sourcecode.c.objc; path = ATPhysics.m; sourceTree = "<group>"; };
		4F9FB604142AB0D50032AF67 /* ATSpring.h */ = {isa = PBXFileReference; fileEncoding = 4; lastKnownFileType = sourcecode.c.h; path = ATSpring.h; sourceTree = "<group>"; };
		4F9FB605142AB0D50032AF67 /* ATSpring.m */ = {isa = PBXFileReference; fileEncoding = 4; lastKnownFileType = sourcecode.c.objc; path = ATSpring.m; sourceTree = "<group>"; };
		4F9FB607142AB0D50032AF67 /* ATGeometry.h */ = {isa = PBXFileReference; fileEncoding = 4; lastKnownFileType = sourcecode.c.h; path = ATGeometry.h; sourceTree = "<group>"; };
		4F9FB60B142AB0D50032AF67 /* ATSystem.h */ = {isa = PBXFileReference; fileEncoding = 4; lastKnownFileType = sourcecode.c.h; path = ATSystem.h; sourceTree = "<group>"; };
		4F9FB60C142AB0D50032AF67 /* ATSystem.m */ = {isa = PBXFileReference; fileEncoding = 4; lastKnownFileType = sourcecode.c.objc; path = ATSystem.m; sourceTree = "<group>"; };
		4F9FB61E142AB13A0032AF67 /* Icon-72.png */ = {isa = PBXFileReference; lastKnownFileType = image.png; name = "Icon-72.png"; path = "../Icon-72.png"; sourceTree = "<group>"; };
		4F9FB636142ABA1B0032AF67 /* ATKernel.h */ = {isa = PBXFileReference; fileEncoding = 4; lastKnownFileType = sourcecode.c.h; path = ATKernel.h; sourceTree = "<group>"; };
		4F9FB637142ABA1B0032AF67 /* ATKernel.m */ = {isa = PBXFileReference; fileEncoding = 4; lastKnownFileType = sourcecode.c.objc; path = ATKernel.m; sourceTree = "<group>"; };
		4FA4D68A142CD4BD003958B3 /* ATKernelDebugView.h */ = {isa = PBXFileReference; fileEncoding = 4; lastKnownFileType = sourcecode.c.h; path = ATKernelDebugView.h; sourceTree = "<group>"; };
		4FA4D68B142CD4BD003958B3 /* ATKernelDebugView.m */ = {isa = PBXFileReference; fileEncoding = 4; lastKnownFileType = sourcecode.c.objc; path = ATKernelDebugView.m; sourceTree = "<group>"; };
		4FA4D6F214302705003958B3 /* Doxyfile */ = {isa = PBXFileReference; explicitFileType = text.script; name = Doxyfile; path = ../../Doxyfile; sourceTree = "<group>"; };
/* End PBXFileReference section */

/* Begin PBXFrameworksBuildPhase section */
		4F9FB5C0142AB0480032AF67 /* Frameworks */ = {
			isa = PBXFrameworksBuildPhase;
			buildActionMask = 2147483647;
			files = (
				4F9FB5C8142AB0480032AF67 /* UIKit.framework in Frameworks */,
				4F9FB5CA142AB0480032AF67 /* Foundation.framework in Frameworks */,
				4F9FB5CC142AB0480032AF67 /* CoreGraphics.framework in Frameworks */,
			);
			runOnlyForDeploymentPostprocessing = 0;
		};
/* End PBXFrameworksBuildPhase section */

/* Begin PBXGroup section */
		4F9FB5B8142AB0480032AF67 = {
			isa = PBXGroup;
			children = (
				4F9FB5CD142AB0480032AF67 /* KernelRig */,
				4F9FB5F3142AB0D50032AF67 /* PSArborTouch */,
				4F9FB5C6142AB0480032AF67 /* Frameworks */,
				4F9FB5C4142AB0480032AF67 /* Products */,
			);
			sourceTree = "<group>";
		};
		4F9FB5C4142AB0480032AF67 /* Products */ = {
			isa = PBXGroup;
			children = (
				4F9FB5C3142AB0480032AF67 /* KernelRig.app */,
			);
			name = Products;
			sourceTree = "<group>";
		};
		4F9FB5C6142AB0480032AF67 /* Frameworks */ = {
			isa = PBXGroup;
			children = (
				4F9FB5C7142AB0480032AF67 /* UIKit.framework */,
				4F9FB5C9142AB0480032AF67 /* Foundation.framework */,
				4F9FB5CB142AB0480032AF67 /* CoreGraphics.framework */,
			);
			name = Frameworks;
			sourceTree = "<group>";
		};
		4F9FB5CD142AB0480032AF67 /* KernelRig */ = {
			isa = PBXGroup;
			children = (
				4F9FB626142AB2340032AF67 /* Controller */,
				4F9FB628142AB23D0032AF67 /* View */,
				4F9FB627142AB2390032AF67 /* Model */,
				4F9FB5CE142AB0480032AF67 /* Supporting Files */,
			);
			path = KernelRig;
			sourceTree = "<group>";
		};
		4F9FB5CE142AB0480032AF67 /* Supporting Files */ = {
			isa = PBXGroup;
			children = (
				4FA4D6F214302705003958B3 /* Doxyfile */,
				4F9FB61E142AB13A0032AF67 /* Icon-72.png */,
				4F9FB5CF142AB0480032AF67 /* KernelRig-Info.plist */,
				4F9FB5D0142AB0480032AF67 /* InfoPlist.strings */,
				4F9FB5D3142AB0480032AF67 /* main.m */,
				4F9FB5D5142AB0480032AF67 /* KernelRig-Prefix.pch */,
			);
			name = "Supporting Files";
			sourceTree = "<group>";
		};
		4F9FB5F3142AB0D50032AF67 /* PSArborTouch */ = {
			isa = PBXGroup;
			children = (
				4F5467F61441B31E006A260F /* PSArborTouch.h */,
				4F9FB5F4142AB0D50032AF67 /* Atoms */,
				4F9FB5F9142AB0D50032AF67 /* Barnes-Hut */,
				4F9FB5FF142AB0D50032AF67 /* Physics */,
				4F9FB5FE142AB0D50032AF67 /* Kernel */,
				4F9FB60A142AB0D50032AF67 /* System */,
				4F9FB606142AB0D50032AF67 /* Support */,
			);
			name = PSArborTouch;
			path = ../PSArborTouch;
			sourceTree = "<group>";
		};
		4F9FB5F4142AB0D50032AF67 /* Atoms */ = {
			isa = PBXGroup;
			children = (
				4F9FB5F7142AB0D50032AF67 /* ATNode.h */,
				4F9FB5F8142AB0D50032AF67 /* ATNode.m */,
				4F9FB5F5142AB0D50032AF67 /* ATEdge.h */,
				4F9FB5F6142AB0D50032AF67 /* ATEdge.m */,
			);
			path = Atoms;
			sourceTree = "<group>";
		};
		4F9FB5F9142AB0D50032AF67 /* Barnes-Hut */ = {
			isa = PBXGroup;
			children = (
				4F9FB5FC142AB0D50032AF67 /* ATBarnesHutTree.h */,
				4F9FB5FD142AB0D50032AF67 /* ATBarnesHutTree.m */,
				4F9FB5FA142AB0D50032AF67 /* ATBarnesHutBranch.h */,
				4F9FB5FB142AB0D50032AF67 /* ATBarnesHutBranch.m */,
			);
			path = "Barnes-Hut";
			sourceTree = "<group>";
		};
		4F9FB5FE142AB0D50032AF67 /* Kernel */ = {
			isa = PBXGroup;
			children = (
				4F9FB636142ABA1B0032AF67 /* ATKernel.h */,
				4F9FB637142ABA1B0032AF67 /* ATKernel.m */,
			);
			path = Kernel;
			sourceTree = "<group>";
		};
		4F9FB5FF142AB0D50032AF67 /* Physics */ = {
			isa = PBXGroup;
			children = (
				4F320C501435BC13004783DB /* ATEnergy.h */,
				4F320C511435BC13004783DB /* ATEnergy.m */,
				4F9FB600142AB0D50032AF67 /* ATParticle.h */,
				4F9FB601142AB0D50032AF67 /* ATParticle.m */,
				4F9FB604142AB0D50032AF67 /* ATSpring.h */,
				4F9FB605142AB0D50032AF67 /* ATSpring.m */,
				4F9FB602142AB0D50032AF67 /* ATPhysics.h */,
				4F9FB603142AB0D50032AF67 /* ATPhysics.m */,
			);
			path = Physics;
			sourceTree = "<group>";
		};
		4F9FB606142AB0D50032AF67 /* Support */ = {
			isa = PBXGroup;
			children = (
				4F9FB607142AB0D50032AF67 /* ATGeometry.h */,
			);
			path = Support;
			sourceTree = "<group>";
		};
		4F9FB60A142AB0D50032AF67 /* System */ = {
			isa = PBXGroup;
			children = (
				4F320C3F1435AA1E004783DB /* ATSystemParams.h */,
				4F320C401435AA1E004783DB /* ATSystemParams.m */,
				4F320C411435AA1E004783DB /* ATSystemState.h */,
				4F320C421435AA1E004783DB /* ATSystemState.m */,
				4F9FB60B142AB0D50032AF67 /* ATSystem.h */,
				4F9FB60C142AB0D50032AF67 /* ATSystem.m */,
				4F2115241431964F00B2F51F /* ATSystemRenderer.h */,
			);
			path = System;
			sourceTree = "<group>";
		};
		4F9FB626142AB2340032AF67 /* Controller */ = {
			isa = PBXGroup;
			children = (
				4FA4D680142CCB03003958B3 /* AppDelegate */,
				4F9FB5DC142AB0480032AF67 /* KernelRigViewController.h */,
				4F9FB5DD142AB0480032AF67 /* KernelRigViewController.m */,
				4F9FB5DF142AB0480032AF67 /* KernelRigViewController.xib */,
			);
			name = Controller;
			sourceTree = "<group>";
		};
		4F9FB627142AB2390032AF67 /* Model */ = {
			isa = PBXGroup;
			children = (
			);
			name = Model;
			sourceTree = "<group>";
		};
		4F9FB628142AB23D0032AF67 /* View */ = {
			isa = PBXGroup;
			children = (
				4FA4D68A142CD4BD003958B3 /* ATKernelDebugView.h */,
				4FA4D68B142CD4BD003958B3 /* ATKernelDebugView.m */,
			);
			name = View;
			sourceTree = "<group>";
		};
		4FA4D680142CCB03003958B3 /* AppDelegate */ = {
			isa = PBXGroup;
			children = (
				4F9FB5D6142AB0480032AF67 /* KernelRigAppDelegate.h */,
				4F9FB5D7142AB0480032AF67 /* KernelRigAppDelegate.m */,
				4F9FB5D9142AB0480032AF67 /* MainWindow.xib */,
			);
			name = AppDelegate;
			sourceTree = "<group>";
		};
/* End PBXGroup section */

/* Begin PBXLegacyTarget section */
		4F9FB629142AB2880032AF67 /* Documentation */ = {
			isa = PBXLegacyTarget;
			buildArgumentsString = "";
			buildConfigurationList = 4F9FB62A142AB2880032AF67 /* Build configuration list for PBXLegacyTarget "Documentation" */;
			buildPhases = (
			);
			buildToolPath = /usr/local/bin/doxygen;
			buildWorkingDirectory = ../;
			dependencies = (
			);
			name = Documentation;
			passBuildSettingsInEnvironment = 1;
			productName = Documentation;
		};
/* End PBXLegacyTarget section */

/* Begin PBXNativeTarget section */
		4F9FB5C2142AB0480032AF67 /* KernelRig */ = {
			isa = PBXNativeTarget;
			buildConfigurationList = 4F9FB5E4142AB0480032AF67 /* Build configuration list for PBXNativeTarget "KernelRig" */;
			buildPhases = (
				4F9FB5BF142AB0480032AF67 /* Sources */,
				4F9FB5C0142AB0480032AF67 /* Frameworks */,
				4F9FB5C1142AB0480032AF67 /* Resources */,
			);
			buildRules = (
			);
			dependencies = (
			);
			name = KernelRig;
			productName = KernelRig;
			productReference = 4F9FB5C3142AB0480032AF67 /* KernelRig.app */;
			productType = "com.apple.product-type.application";
		};
/* End PBXNativeTarget section */

/* Begin PBXProject section */
		4F9FB5BA142AB0480032AF67 /* Project object */ = {
			isa = PBXProject;
			attributes = {
				LastUpgradeCheck = 0440;
				ORGANIZATIONNAME = "Preston Software";
			};
			buildConfigurationList = 4F9FB5BD142AB0480032AF67 /* Build configuration list for PBXProject "KernelRig" */;
			compatibilityVersion = "Xcode 3.2";
			developmentRegion = English;
			hasScannedForEncodings = 0;
			knownRegions = (
				en,
			);
			mainGroup = 4F9FB5B8142AB0480032AF67;
			productRefGroup = 4F9FB5C4142AB0480032AF67 /* Products */;
			projectDirPath = "";
			projectRoot = "";
			targets = (
				4F9FB5C2142AB0480032AF67 /* KernelRig */,
				4F9FB629142AB2880032AF67 /* Documentation */,
			);
		};
/* End PBXProject section */

/* Begin PBXResourcesBuildPhase section */
		4F9FB5C1142AB0480032AF67 /* Resources */ = {
			isa = PBXResourcesBuildPhase;
			buildActionMask = 2147483647;
			files = (
				4F9FB5D2142AB0480032AF67 /* InfoPlist.strings in Resources */,
				4F9FB5DB142AB0480032AF67 /* MainWindow.xib in Resources */,
				4F9FB5E1142AB0480032AF67 /* KernelRigViewController.xib in Resources */,
				4F9FB61F142AB13A0032AF67 /* Icon-72.png in Resources */,
			);
			runOnlyForDeploymentPostprocessing = 0;
		};
/* End PBXResourcesBuildPhase section */

/* Begin PBXSourcesBuildPhase section */
		4F9FB5BF142AB0480032AF67 /* Sources */ = {
			isa = PBXSourcesBuildPhase;
			buildActionMask = 2147483647;
			files = (
				4F9FB5D4142AB0480032AF67 /* main.m in Sources */,
				4F9FB5D8142AB0480032AF67 /* KernelRigAppDelegate.m in Sources */,
				4F9FB5DE142AB0480032AF67 /* KernelRigViewController.m in Sources */,
				4F9FB60F142AB0D50032AF67 /* ATEdge.m in Sources */,
				4F9FB610142AB0D50032AF67 /* ATNode.m in Sources */,
				4F9FB611142AB0D50032AF67 /* ATBarnesHutBranch.m in Sources */,
				4F9FB612142AB0D50032AF67 /* ATBarnesHutTree.m in Sources */,
				4F9FB613142AB0D50032AF67 /* ATParticle.m in Sources */,
				4F9FB614142AB0D50032AF67 /* ATPhysics.m in Sources */,
				4F9FB615142AB0D50032AF67 /* ATSpring.m in Sources */,
				4F9FB617142AB0D50032AF67 /* ATSystem.m in Sources */,
				4F9FB638142ABA1B0032AF67 /* ATKernel.m in Sources */,
				4FA4D68C142CD4BD003958B3 /* ATKernelDebugView.m in Sources */,
				4F320C431435AA1E004783DB /* ATSystemParams.m in Sources */,
				4F320C441435AA1E004783DB /* ATSystemState.m in Sources */,
				4F320C521435BC13004783DB /* ATEnergy.m in Sources */,
			);
			runOnlyForDeploymentPostprocessing = 0;
		};
/* End PBXSourcesBuildPhase section */

/* Begin PBXVariantGroup section */
		4F9FB5D0142AB0480032AF67 /* InfoPlist.strings */ = {
			isa = PBXVariantGroup;
			children = (
				4F9FB5D1142AB0480032AF67 /* en */,
			);
			name = InfoPlist.strings;
			sourceTree = "<group>";
		};
		4F9FB5D9142AB0480032AF67 /* MainWindow.xib */ = {
			isa = PBXVariantGroup;
			children = (
				4F9FB5DA142AB0480032AF67 /* en */,
			);
			name = MainWindow.xib;
			sourceTree = "<group>";
		};
		4F9FB5DF142AB0480032AF67 /* KernelRigViewController.xib */ = {
			isa = PBXVariantGroup;
			children = (
				4F9FB5E0142AB0480032AF67 /* en */,
			);
			name = KernelRigViewController.xib;
			sourceTree = "<group>";
		};
/* End PBXVariantGroup section */

/* Begin XCBuildConfiguration section */
		4F9FB5E2142AB0480032AF67 /* Debug */ = {
			isa = XCBuildConfiguration;
			buildSettings = {
				ALWAYS_SEARCH_USER_PATHS = NO;
				ARCHS = "$(ARCHS_UNIVERSAL_IPHONE_OS)";
				"CODE_SIGN_IDENTITY[sdk=iphoneos*]" = "iPhone Developer";
				COPY_PHASE_STRIP = NO;
				GCC_C_LANGUAGE_STANDARD = gnu99;
				GCC_DYNAMIC_NO_PIC = NO;
				GCC_OPTIMIZATION_LEVEL = 0;
				GCC_PREPROCESSOR_DEFINITIONS = (
					"DEBUG=1",
					"$(inherited)",
				);
				GCC_SYMBOLS_PRIVATE_EXTERN = NO;
				GCC_VERSION = com.apple.compilers.llvm.clang.1_0;
				GCC_WARN_ABOUT_MISSING_PROTOTYPES = YES;
				GCC_WARN_ABOUT_RETURN_TYPE = YES;
				GCC_WARN_UNUSED_VARIABLE = YES;
				IPHONEOS_DEPLOYMENT_TARGET = 4.3;
				SDKROOT = iphoneos;
				TARGETED_DEVICE_FAMILY = 2;
			};
			name = Debug;
		};
		4F9FB5E3142AB0480032AF67 /* Release */ = {
			isa = XCBuildConfiguration;
			buildSettings = {
				ALWAYS_SEARCH_USER_PATHS = NO;
				ARCHS = "$(ARCHS_UNIVERSAL_IPHONE_OS)";
				"CODE_SIGN_IDENTITY[sdk=iphoneos*]" = "iPhone Developer";
				COPY_PHASE_STRIP = YES;
				GCC_C_LANGUAGE_STANDARD = gnu99;
				GCC_VERSION = com.apple.compilers.llvm.clang.1_0;
				GCC_WARN_ABOUT_MISSING_PROTOTYPES = YES;
				GCC_WARN_ABOUT_RETURN_TYPE = YES;
				GCC_WARN_UNUSED_VARIABLE = YES;
				IPHONEOS_DEPLOYMENT_TARGET = 4.3;
				OTHER_CFLAGS = "-DNS_BLOCK_ASSERTIONS=1";
				SDKROOT = iphoneos;
				TARGETED_DEVICE_FAMILY = 2;
				VALIDATE_PRODUCT = YES;
			};
			name = Release;
		};
		4F9FB5E5142AB0480032AF67 /* Debug */ = {
			isa = XCBuildConfiguration;
			buildSettings = {
				GCC_PRECOMPILE_PREFIX_HEADER = YES;
				GCC_PREFIX_HEADER = "KernelRig/KernelRig-Prefix.pch";
				INFOPLIST_FILE = "KernelRig/KernelRig-Info.plist";
				IPHONEOS_DEPLOYMENT_TARGET = 4.3;
				PRODUCT_NAME = "$(TARGET_NAME)";
				WRAPPER_EXTENSION = app;
			};
			name = Debug;
		};
		4F9FB5E6142AB0480032AF67 /* Release */ = {
			isa = XCBuildConfiguration;
			buildSettings = {
				GCC_PRECOMPILE_PREFIX_HEADER = YES;
				GCC_PREFIX_HEADER = "KernelRig/KernelRig-Prefix.pch";
				INFOPLIST_FILE = "KernelRig/KernelRig-Info.plist";
				IPHONEOS_DEPLOYMENT_TARGET = 4.3;
				PRODUCT_NAME = "$(TARGET_NAME)";
				WRAPPER_EXTENSION = app;
			};
			name = Release;
		};
		4F9FB62B142AB2880032AF67 /* Debug */ = {
			isa = XCBuildConfiguration;
			buildSettings = {
				DEBUGGING_SYMBOLS = YES;
				ONLY_ACTIVE_ARCH = YES;
				PRODUCT_NAME = "$(TARGET_NAME)";
			};
			name = Debug;
		};
		4F9FB62C142AB2880032AF67 /* Release */ = {
			isa = XCBuildConfiguration;
			buildSettings = {
				PRODUCT_NAME = "$(TARGET_NAME)";
			};
			name = Release;
		};
/* End XCBuildConfiguration section */

/* Begin XCConfigurationList section */
		4F9FB5BD142AB0480032AF67 /* Build configuration list for PBXProject "KernelRig" */ = {
			isa = XCConfigurationList;
			buildConfigurations = (
				4F9FB5E2142AB0480032AF67 /* Debug */,
				4F9FB5E3142AB0480032AF67 /* Release */,
			);
			defaultConfigurationIsVisible = 0;
			defaultConfigurationName = Release;
		};
		4F9FB5E4142AB0480032AF67 /* Build configuration list for PBXNativeTarget "KernelRig" */ = {
			isa = XCConfigurationList;
			buildConfigurations = (
				4F9FB5E5142AB0480032AF67 /* Debug */,
				4F9FB5E6142AB0480032AF67 /* Release */,
			);
			defaultConfigurationIsVisible = 0;
			defaultConfigurationName = Release;
		};
		4F9FB62A142AB2880032AF67 /* Build configuration list for PBXLegacyTarget "Documentation" */ = {
			isa = XCConfigurationList;
			buildConfigurations = (
				4F9FB62B142AB2880032AF67 /* Debug */,
				4F9FB62C142AB2880032AF67 /* Release */,
			);
			defaultConfigurationIsVisible = 0;
			defaultConfigurationName = Release;
		};
/* End XCConfigurationList section */
	};
	rootObject = 4F9FB5BA142AB0480032AF67 /* Project object */;
}
